// !$*UTF8*$!
{
	archiveVersion = 1;
	classes = {
	};
	objectVersion = 55;
	objects = {

/* Begin PBXBuildFile section */
		EF0FF6152871DF49002FBED6 /* Home.swift in Sources */ = {isa = PBXBuildFile; fileRef = EF0FF6142871DF49002FBED6 /* Home.swift */; };
		EF0FF6192871E1AA002FBED6 /* Benefit.swift in Sources */ = {isa = PBXBuildFile; fileRef = EF0FF6182871E1AA002FBED6 /* Benefit.swift */; };
		EF0FF61B2871E1B9002FBED6 /* Remittance.swift in Sources */ = {isa = PBXBuildFile; fileRef = EF0FF61A2871E1B9002FBED6 /* Remittance.swift */; };
		EF0FF61D2871E1CF002FBED6 /* Stock.swift in Sources */ = {isa = PBXBuildFile; fileRef = EF0FF61C2871E1CF002FBED6 /* Stock.swift */; };
		EF0FF61F2871E1E1002FBED6 /* Whole.swift in Sources */ = {isa = PBXBuildFile; fileRef = EF0FF61E2871E1E1002FBED6 /* Whole.swift */; };
		EF0FF6212871E547002FBED6 /* Tab.swift in Sources */ = {isa = PBXBuildFile; fileRef = EF0FF6202871E547002FBED6 /* Tab.swift */; };
		EF0FF62328720430002FBED6 /* TabBarItem.swift in Sources */ = {isa = PBXBuildFile; fileRef = EF0FF62228720430002FBED6 /* TabBarItem.swift */; };
		EF0FF62728720655002FBED6 /* BottomView.swift in Sources */ = {isa = PBXBuildFile; fileRef = EF0FF62628720655002FBED6 /* BottomView.swift */; };
		EF207DD628720D43008ED69A /* CustomTabView.swift in Sources */ = {isa = PBXBuildFile; fileRef = EF207DD528720D43008ED69A /* CustomTabView.swift */; };
		EF207DD92872C906008ED69A /* Pallete.swift in Sources */ = {isa = PBXBuildFile; fileRef = EF207DD82872C906008ED69A /* Pallete.swift */; };
		EFA063772871D1990063F429 /* ContentView.swift in Sources */ = {isa = PBXBuildFile; fileRef = EFA063762871D1990063F429 /* ContentView.swift */; };
		EFA063792871D19A0063F429 /* Assets.xcassets in Resources */ = {isa = PBXBuildFile; fileRef = EFA063782871D19A0063F429 /* Assets.xcassets */; };
		EFA0637C2871D19A0063F429 /* Preview Assets.xcassets in Resources */ = {isa = PBXBuildFile; fileRef = EFA0637B2871D19A0063F429 /* Preview Assets.xcassets */; };
		EFA063842871D26B0063F429 /* .swiftlint.yml in Resources */ = {isa = PBXBuildFile; fileRef = EFA063832871D26B0063F429 /* .swiftlint.yml */; };
		EFEDF7E32873348200FE9B40 /* HomeHeader.swift in Sources */ = {isa = PBXBuildFile; fileRef = EFEDF7E22873348200FE9B40 /* HomeHeader.swift */; };
		EFEDF7E628733D4600FE9B40 /* DeviceInfo.swift in Sources */ = {isa = PBXBuildFile; fileRef = EFEDF7E528733D4600FE9B40 /* DeviceInfo.swift */; };
		EFEDF7E728734EC100FE9B40 /* TossApp.swift in Sources */ = {isa = PBXBuildFile; fileRef = EFA063742871D1990063F429 /* TossApp.swift */; };
		EFEDF7E92873517B00FE9B40 /* HomeTossBankButton.swift in Sources */ = {isa = PBXBuildFile; fileRef = EFEDF7E82873517B00FE9B40 /* HomeTossBankButton.swift */; };
/* End PBXBuildFile section */

/* Begin PBXFileReference section */
		EF0FF6142871DF49002FBED6 /* Home.swift */ = {isa = PBXFileReference; lastKnownFileType = sourcecode.swift; path = Home.swift; sourceTree = "<group>"; };
		EF0FF6182871E1AA002FBED6 /* Benefit.swift */ = {isa = PBXFileReference; lastKnownFileType = sourcecode.swift; path = Benefit.swift; sourceTree = "<group>"; };
		EF0FF61A2871E1B9002FBED6 /* Remittance.swift */ = {isa = PBXFileReference; lastKnownFileType = sourcecode.swift; path = Remittance.swift; sourceTree = "<group>"; };
		EF0FF61C2871E1CF002FBED6 /* Stock.swift */ = {isa = PBXFileReference; lastKnownFileType = sourcecode.swift; path = Stock.swift; sourceTree = "<group>"; };
		EF0FF61E2871E1E1002FBED6 /* Whole.swift */ = {isa = PBXFileReference; lastKnownFileType = sourcecode.swift; path = Whole.swift; sourceTree = "<group>"; };
		EF0FF6202871E547002FBED6 /* Tab.swift */ = {isa = PBXFileReference; lastKnownFileType = sourcecode.swift; path = Tab.swift; sourceTree = "<group>"; };
		EF0FF62228720430002FBED6 /* TabBarItem.swift */ = {isa = PBXFileReference; lastKnownFileType = sourcecode.swift; path = TabBarItem.swift; sourceTree = "<group>"; };
		EF0FF62628720655002FBED6 /* BottomView.swift */ = {isa = PBXFileReference; lastKnownFileType = sourcecode.swift; path = BottomView.swift; sourceTree = "<group>"; };
		EF207DD528720D43008ED69A /* CustomTabView.swift */ = {isa = PBXFileReference; lastKnownFileType = sourcecode.swift; path = CustomTabView.swift; sourceTree = "<group>"; };
		EF207DD82872C906008ED69A /* Pallete.swift */ = {isa = PBXFileReference; lastKnownFileType = sourcecode.swift; path = Pallete.swift; sourceTree = "<group>"; };
		EFA063712871D1990063F429 /* Toss.app */ = {isa = PBXFileReference; explicitFileType = wrapper.application; includeInIndex = 0; path = Toss.app; sourceTree = BUILT_PRODUCTS_DIR; };
		EFA063742871D1990063F429 /* TossApp.swift */ = {isa = PBXFileReference; lastKnownFileType = sourcecode.swift; path = TossApp.swift; sourceTree = "<group>"; };
		EFA063762871D1990063F429 /* ContentView.swift */ = {isa = PBXFileReference; lastKnownFileType = sourcecode.swift; path = ContentView.swift; sourceTree = "<group>"; };
		EFA063782871D19A0063F429 /* Assets.xcassets */ = {isa = PBXFileReference; lastKnownFileType = folder.assetcatalog; path = Assets.xcassets; sourceTree = "<group>"; };
		EFA0637B2871D19A0063F429 /* Preview Assets.xcassets */ = {isa = PBXFileReference; lastKnownFileType = folder.assetcatalog; path = "Preview Assets.xcassets"; sourceTree = "<group>"; };
		EFA063832871D26B0063F429 /* .swiftlint.yml */ = {isa = PBXFileReference; fileEncoding = 4; lastKnownFileType = text.yaml; path = .swiftlint.yml; sourceTree = "<group>"; };
		EFEDF7E22873348200FE9B40 /* HomeHeader.swift */ = {isa = PBXFileReference; lastKnownFileType = sourcecode.swift; path = HomeHeader.swift; sourceTree = "<group>"; };
		EFEDF7E528733D4600FE9B40 /* DeviceInfo.swift */ = {isa = PBXFileReference; lastKnownFileType = sourcecode.swift; path = DeviceInfo.swift; sourceTree = "<group>"; };
		EFEDF7E82873517B00FE9B40 /* HomeTossBankButton.swift */ = {isa = PBXFileReference; lastKnownFileType = sourcecode.swift; path = HomeTossBankButton.swift; sourceTree = "<group>"; };
/* End PBXFileReference section */

/* Begin PBXFrameworksBuildPhase section */
		EFA0636E2871D1990063F429 /* Frameworks */ = {
			isa = PBXFrameworksBuildPhase;
			buildActionMask = 2147483647;
			files = (
			);
			runOnlyForDeploymentPostprocessing = 0;
		};
/* End PBXFrameworksBuildPhase section */

/* Begin PBXGroup section */
		EF207DD728721086008ED69A /* CustomTab */ = {
			isa = PBXGroup;
			children = (
				EF0FF6202871E547002FBED6 /* Tab.swift */,
				EF0FF62228720430002FBED6 /* TabBarItem.swift */,
				EF0FF62628720655002FBED6 /* BottomView.swift */,
				EF207DD528720D43008ED69A /* CustomTabView.swift */,
			);
			path = CustomTab;
			sourceTree = "<group>";
		};
		EF207DDA2872D1B3008ED69A /* Views */ = {
			isa = PBXGroup;
			children = (
				EF207DD728721086008ED69A /* CustomTab */,
				EFEDF7E428733C4300FE9B40 /* Home */,
				EF0FF6182871E1AA002FBED6 /* Benefit.swift */,
				EF0FF61A2871E1B9002FBED6 /* Remittance.swift */,
				EF0FF61C2871E1CF002FBED6 /* Stock.swift */,
				EF0FF61E2871E1E1002FBED6 /* Whole.swift */,
			);
			path = Views;
			sourceTree = "<group>";
		};
		EF207DDB2872D1C3008ED69A /* Helper */ = {
			isa = PBXGroup;
			children = (
				EF207DD82872C906008ED69A /* Pallete.swift */,
				EFEDF7E528733D4600FE9B40 /* DeviceInfo.swift */,
			);
			path = Helper;
			sourceTree = "<group>";
		};
		EFA063682871D1990063F429 = {
			isa = PBXGroup;
			children = (
				EFA063832871D26B0063F429 /* .swiftlint.yml */,
				EFA063732871D1990063F429 /* Toss */,
				EFA063722871D1990063F429 /* Products */,
			);
			sourceTree = "<group>";
		};
		EFA063722871D1990063F429 /* Products */ = {
			isa = PBXGroup;
			children = (
				EFA063712871D1990063F429 /* Toss.app */,
			);
			name = Products;
			sourceTree = "<group>";
		};
		EFA063732871D1990063F429 /* Toss */ = {
			isa = PBXGroup;
			children = (
				EFA063742871D1990063F429 /* TossApp.swift */,
				EF207DDB2872D1C3008ED69A /* Helper */,
				EF207DDA2872D1B3008ED69A /* Views */,
				EFA063762871D1990063F429 /* ContentView.swift */,
				EFA063782871D19A0063F429 /* Assets.xcassets */,
				EFA0637A2871D19A0063F429 /* Preview Content */,
			);
			path = Toss;
			sourceTree = "<group>";
		};
		EFA0637A2871D19A0063F429 /* Preview Content */ = {
			isa = PBXGroup;
			children = (
				EFA0637B2871D19A0063F429 /* Preview Assets.xcassets */,
			);
			path = "Preview Content";
			sourceTree = "<group>";
		};
		EFEDF7E428733C4300FE9B40 /* Home */ = {
			isa = PBXGroup;
			children = (
				EF0FF6142871DF49002FBED6 /* Home.swift */,
				EFEDF7EA28735DE200FE9B40 /* Components */,
			);
			path = Home;
			sourceTree = "<group>";
		};
		EFEDF7EA28735DE200FE9B40 /* Components */ = {
			isa = PBXGroup;
			children = (
				EFEDF7E82873517B00FE9B40 /* HomeTossBankButton.swift */,
				EFEDF7E22873348200FE9B40 /* HomeHeader.swift */,
			);
			path = Components;
			sourceTree = "<group>";
		};
/* End PBXGroup section */

/* Begin PBXNativeTarget section */
		EFA063702871D1990063F429 /* Toss */ = {
			isa = PBXNativeTarget;
			buildConfigurationList = EFA0637F2871D19A0063F429 /* Build configuration list for PBXNativeTarget "Toss" */;
			buildPhases = (
				EFA063822871D2270063F429 /* SwiftLint Script */,
				EFA0636D2871D1990063F429 /* Sources */,
				EFA0636E2871D1990063F429 /* Frameworks */,
				EFA0636F2871D1990063F429 /* Resources */,
			);
			buildRules = (
			);
			dependencies = (
			);
			name = Toss;
			productName = Toss;
			productReference = EFA063712871D1990063F429 /* Toss.app */;
			productType = "com.apple.product-type.application";
		};
/* End PBXNativeTarget section */

/* Begin PBXProject section */
		EFA063692871D1990063F429 /* Project object */ = {
			isa = PBXProject;
			attributes = {
				BuildIndependentTargetsInParallel = 1;
				LastSwiftUpdateCheck = 1340;
				LastUpgradeCheck = 1340;
				TargetAttributes = {
					EFA063702871D1990063F429 = {
						CreatedOnToolsVersion = 13.4.1;
					};
				};
			};
			buildConfigurationList = EFA0636C2871D1990063F429 /* Build configuration list for PBXProject "Toss" */;
			compatibilityVersion = "Xcode 13.0";
			developmentRegion = en;
			hasScannedForEncodings = 0;
			knownRegions = (
				en,
				Base,
			);
			mainGroup = EFA063682871D1990063F429;
			productRefGroup = EFA063722871D1990063F429 /* Products */;
			projectDirPath = "";
			projectRoot = "";
			targets = (
				EFA063702871D1990063F429 /* Toss */,
			);
		};
/* End PBXProject section */

/* Begin PBXResourcesBuildPhase section */
		EFA0636F2871D1990063F429 /* Resources */ = {
			isa = PBXResourcesBuildPhase;
			buildActionMask = 2147483647;
			files = (
				EFA063842871D26B0063F429 /* .swiftlint.yml in Resources */,
				EFA0637C2871D19A0063F429 /* Preview Assets.xcassets in Resources */,
				EFA063792871D19A0063F429 /* Assets.xcassets in Resources */,
			);
			runOnlyForDeploymentPostprocessing = 0;
		};
/* End PBXResourcesBuildPhase section */

/* Begin PBXShellScriptBuildPhase section */
		EFA063822871D2270063F429 /* SwiftLint Script */ = {
			isa = PBXShellScriptBuildPhase;
			buildActionMask = 2147483647;
			files = (
			);
			inputFileListPaths = (
			);
			inputPaths = (
			);
			name = "SwiftLint Script";
			outputFileListPaths = (
			);
			outputPaths = (
			);
			runOnlyForDeploymentPostprocessing = 0;
			shellPath = /bin/sh;
			shellScript = "# 설정하기 https://github.com/realm/SwiftLint\n# ⚠️ M1 과 Intel 에서 SwiftLint 파일 경로가 다르기 때문에 주의\nexport PATH=\"$PATH:/opt/homebrew/bin\"\nif which swiftlint > /dev/null; then\n  swiftlint\nelse\n  echo \"warning: SwiftLint not installed, download from https://github.com/realm/SwiftLint\"\nfi\n\n";
		};
/* End PBXShellScriptBuildPhase section */

/* Begin PBXSourcesBuildPhase section */
		EFA0636D2871D1990063F429 /* Sources */ = {
			isa = PBXSourcesBuildPhase;
			buildActionMask = 2147483647;
			files = (
				EFEDF7E728734EC100FE9B40 /* TossApp.swift in Sources */,
				EFA063772871D1990063F429 /* ContentView.swift in Sources */,
				EF0FF6192871E1AA002FBED6 /* Benefit.swift in Sources */,
				EF0FF61D2871E1CF002FBED6 /* Stock.swift in Sources */,
				EFEDF7E92873517B00FE9B40 /* HomeTossBankButton.swift in Sources */,
				EF0FF62328720430002FBED6 /* TabBarItem.swift in Sources */,
				EF0FF6212871E547002FBED6 /* Tab.swift in Sources */,
				EF0FF6152871DF49002FBED6 /* Home.swift in Sources */,
				EFEDF7E32873348200FE9B40 /* HomeHeader.swift in Sources */,
				EFEDF7E628733D4600FE9B40 /* DeviceInfo.swift in Sources */,
				EF0FF61B2871E1B9002FBED6 /* Remittance.swift in Sources */,
				EF207DD92872C906008ED69A /* Pallete.swift in Sources */,
				EF207DD628720D43008ED69A /* CustomTabView.swift in Sources */,
				EF0FF61F2871E1E1002FBED6 /* Whole.swift in Sources */,
				EF0FF62728720655002FBED6 /* BottomView.swift in Sources */,
			);
			runOnlyForDeploymentPostprocessing = 0;
		};
/* End PBXSourcesBuildPhase section */

/* Begin XCBuildConfiguration section */
		EFA0637D2871D19A0063F429 /* Debug */ = {
			isa = XCBuildConfiguration;
			buildSettings = {
				ALWAYS_SEARCH_USER_PATHS = NO;
				CLANG_ANALYZER_NONNULL = YES;
				CLANG_ANALYZER_NUMBER_OBJECT_CONVERSION = YES_AGGRESSIVE;
				CLANG_CXX_LANGUAGE_STANDARD = "gnu++17";
				CLANG_ENABLE_MODULES = YES;
				CLANG_ENABLE_OBJC_ARC = YES;
				CLANG_ENABLE_OBJC_WEAK = YES;
				CLANG_WARN_BLOCK_CAPTURE_AUTORELEASING = YES;
				CLANG_WARN_BOOL_CONVERSION = YES;
				CLANG_WARN_COMMA = YES;
				CLANG_WARN_CONSTANT_CONVERSION = YES;
				CLANG_WARN_DEPRECATED_OBJC_IMPLEMENTATIONS = YES;
				CLANG_WARN_DIRECT_OBJC_ISA_USAGE = YES_ERROR;
				CLANG_WARN_DOCUMENTATION_COMMENTS = YES;
				CLANG_WARN_EMPTY_BODY = YES;
				CLANG_WARN_ENUM_CONVERSION = YES;
				CLANG_WARN_INFINITE_RECURSION = YES;
				CLANG_WARN_INT_CONVERSION = YES;
				CLANG_WARN_NON_LITERAL_NULL_CONVERSION = YES;
				CLANG_WARN_OBJC_IMPLICIT_RETAIN_SELF = YES;
				CLANG_WARN_OBJC_LITERAL_CONVERSION = YES;
				CLANG_WARN_OBJC_ROOT_CLASS = YES_ERROR;
				CLANG_WARN_QUOTED_INCLUDE_IN_FRAMEWORK_HEADER = YES;
				CLANG_WARN_RANGE_LOOP_ANALYSIS = YES;
				CLANG_WARN_STRICT_PROTOTYPES = YES;
				CLANG_WARN_SUSPICIOUS_MOVE = YES;
				CLANG_WARN_UNGUARDED_AVAILABILITY = YES_AGGRESSIVE;
				CLANG_WARN_UNREACHABLE_CODE = YES;
				CLANG_WARN__DUPLICATE_METHOD_MATCH = YES;
				COPY_PHASE_STRIP = NO;
				DEBUG_INFORMATION_FORMAT = dwarf;
				ENABLE_STRICT_OBJC_MSGSEND = YES;
				ENABLE_TESTABILITY = YES;
				GCC_C_LANGUAGE_STANDARD = gnu11;
				GCC_DYNAMIC_NO_PIC = NO;
				GCC_NO_COMMON_BLOCKS = YES;
				GCC_OPTIMIZATION_LEVEL = 0;
				GCC_PREPROCESSOR_DEFINITIONS = (
					"DEBUG=1",
					"$(inherited)",
				);
				GCC_WARN_64_TO_32_BIT_CONVERSION = YES;
				GCC_WARN_ABOUT_RETURN_TYPE = YES_ERROR;
				GCC_WARN_UNDECLARED_SELECTOR = YES;
				GCC_WARN_UNINITIALIZED_AUTOS = YES_AGGRESSIVE;
				GCC_WARN_UNUSED_FUNCTION = YES;
				GCC_WARN_UNUSED_VARIABLE = YES;
				IPHONEOS_DEPLOYMENT_TARGET = 15.5;
				MTL_ENABLE_DEBUG_INFO = INCLUDE_SOURCE;
				MTL_FAST_MATH = YES;
				ONLY_ACTIVE_ARCH = YES;
				SDKROOT = iphoneos;
				SWIFT_ACTIVE_COMPILATION_CONDITIONS = DEBUG;
				SWIFT_OPTIMIZATION_LEVEL = "-Onone";
			};
			name = Debug;
		};
		EFA0637E2871D19A0063F429 /* Release */ = {
			isa = XCBuildConfiguration;
			buildSettings = {
				ALWAYS_SEARCH_USER_PATHS = NO;
				CLANG_ANALYZER_NONNULL = YES;
				CLANG_ANALYZER_NUMBER_OBJECT_CONVERSION = YES_AGGRESSIVE;
				CLANG_CXX_LANGUAGE_STANDARD = "gnu++17";
				CLANG_ENABLE_MODULES = YES;
				CLANG_ENABLE_OBJC_ARC = YES;
				CLANG_ENABLE_OBJC_WEAK = YES;
				CLANG_WARN_BLOCK_CAPTURE_AUTORELEASING = YES;
				CLANG_WARN_BOOL_CONVERSION = YES;
				CLANG_WARN_COMMA = YES;
				CLANG_WARN_CONSTANT_CONVERSION = YES;
				CLANG_WARN_DEPRECATED_OBJC_IMPLEMENTATIONS = YES;
				CLANG_WARN_DIRECT_OBJC_ISA_USAGE = YES_ERROR;
				CLANG_WARN_DOCUMENTATION_COMMENTS = YES;
				CLANG_WARN_EMPTY_BODY = YES;
				CLANG_WARN_ENUM_CONVERSION = YES;
				CLANG_WARN_INFINITE_RECURSION = YES;
				CLANG_WARN_INT_CONVERSION = YES;
				CLANG_WARN_NON_LITERAL_NULL_CONVERSION = YES;
				CLANG_WARN_OBJC_IMPLICIT_RETAIN_SELF = YES;
				CLANG_WARN_OBJC_LITERAL_CONVERSION = YES;
				CLANG_WARN_OBJC_ROOT_CLASS = YES_ERROR;
				CLANG_WARN_QUOTED_INCLUDE_IN_FRAMEWORK_HEADER = YES;
				CLANG_WARN_RANGE_LOOP_ANALYSIS = YES;
				CLANG_WARN_STRICT_PROTOTYPES = YES;
				CLANG_WARN_SUSPICIOUS_MOVE = YES;
				CLANG_WARN_UNGUARDED_AVAILABILITY = YES_AGGRESSIVE;
				CLANG_WARN_UNREACHABLE_CODE = YES;
				CLANG_WARN__DUPLICATE_METHOD_MATCH = YES;
				COPY_PHASE_STRIP = NO;
				DEBUG_INFORMATION_FORMAT = "dwarf-with-dsym";
				ENABLE_NS_ASSERTIONS = NO;
				ENABLE_STRICT_OBJC_MSGSEND = YES;
				GCC_C_LANGUAGE_STANDARD = gnu11;
				GCC_NO_COMMON_BLOCKS = YES;
				GCC_WARN_64_TO_32_BIT_CONVERSION = YES;
				GCC_WARN_ABOUT_RETURN_TYPE = YES_ERROR;
				GCC_WARN_UNDECLARED_SELECTOR = YES;
				GCC_WARN_UNINITIALIZED_AUTOS = YES_AGGRESSIVE;
				GCC_WARN_UNUSED_FUNCTION = YES;
				GCC_WARN_UNUSED_VARIABLE = YES;
				IPHONEOS_DEPLOYMENT_TARGET = 15.5;
				MTL_ENABLE_DEBUG_INFO = NO;
				MTL_FAST_MATH = YES;
				SDKROOT = iphoneos;
				SWIFT_COMPILATION_MODE = wholemodule;
				SWIFT_OPTIMIZATION_LEVEL = "-O";
				VALIDATE_PRODUCT = YES;
			};
			name = Release;
		};
		EFA063802871D19A0063F429 /* Debug */ = {
			isa = XCBuildConfiguration;
			buildSettings = {
				ASSETCATALOG_COMPILER_APPICON_NAME = AppIcon;
				ASSETCATALOG_COMPILER_GLOBAL_ACCENT_COLOR_NAME = AccentColor;
				CODE_SIGN_STYLE = Automatic;
				CURRENT_PROJECT_VERSION = 1;
				DEVELOPMENT_ASSET_PATHS = "\"Toss/Preview Content\"";
				ENABLE_PREVIEWS = YES;
				GENERATE_INFOPLIST_FILE = YES;
				INFOPLIST_KEY_UIApplicationSceneManifest_Generation = YES;
				INFOPLIST_KEY_UIApplicationSupportsIndirectInputEvents = YES;
				INFOPLIST_KEY_UILaunchScreen_Generation = YES;
				INFOPLIST_KEY_UISupportedInterfaceOrientations_iPad = "UIInterfaceOrientationPortrait UIInterfaceOrientationPortraitUpsideDown UIInterfaceOrientationLandscapeLeft UIInterfaceOrientationLandscapeRight";
				INFOPLIST_KEY_UISupportedInterfaceOrientations_iPhone = "UIInterfaceOrientationPortrait UIInterfaceOrientationLandscapeLeft UIInterfaceOrientationLandscapeRight";
				LD_RUNPATH_SEARCH_PATHS = (
					"$(inherited)",
					"@executable_path/Frameworks",
				);
				MARKETING_VERSION = 1.0;
				PRODUCT_BUNDLE_IDENTIFIER = com.woody.Toss;
				PRODUCT_NAME = "$(TARGET_NAME)";
				SWIFT_EMIT_LOC_STRINGS = YES;
				SWIFT_VERSION = 5.0;
				TARGETED_DEVICE_FAMILY = "1,2";
			};
			name = Debug;
		};
		EFA063812871D19A0063F429 /* Release */ = {
			isa = XCBuildConfiguration;
			buildSettings = {
				ASSETCATALOG_COMPILER_APPICON_NAME = AppIcon;
				ASSETCATALOG_COMPILER_GLOBAL_ACCENT_COLOR_NAME = AccentColor;
				CODE_SIGN_STYLE = Automatic;
				CURRENT_PROJECT_VERSION = 1;
				DEVELOPMENT_ASSET_PATHS = "\"Toss/Preview Content\"";
				ENABLE_PREVIEWS = YES;
				GENERATE_INFOPLIST_FILE = YES;
				INFOPLIST_KEY_UIApplicationSceneManifest_Generation = YES;
				INFOPLIST_KEY_UIApplicationSupportsIndirectInputEvents = YES;
				INFOPLIST_KEY_UILaunchScreen_Generation = YES;
				INFOPLIST_KEY_UISupportedInterfaceOrientations_iPad = "UIInterfaceOrientationPortrait UIInterfaceOrientationPortraitUpsideDown UIInterfaceOrientationLandscapeLeft UIInterfaceOrientationLandscapeRight";
				INFOPLIST_KEY_UISupportedInterfaceOrientations_iPhone = "UIInterfaceOrientationPortrait UIInterfaceOrientationLandscapeLeft UIInterfaceOrientationLandscapeRight";
				LD_RUNPATH_SEARCH_PATHS = (
					"$(inherited)",
					"@executable_path/Frameworks",
				);
				MARKETING_VERSION = 1.0;
				PRODUCT_BUNDLE_IDENTIFIER = com.woody.Toss;
				PRODUCT_NAME = "$(TARGET_NAME)";
				SWIFT_EMIT_LOC_STRINGS = YES;
				SWIFT_VERSION = 5.0;
				TARGETED_DEVICE_FAMILY = "1,2";
			};
			name = Release;
		};
/* End XCBuildConfiguration section */

/* Begin XCConfigurationList section */
		EFA0636C2871D1990063F429 /* Build configuration list for PBXProject "Toss" */ = {
			isa = XCConfigurationList;
			buildConfigurations = (
				EFA0637D2871D19A0063F429 /* Debug */,
				EFA0637E2871D19A0063F429 /* Release */,
			);
			defaultConfigurationIsVisible = 0;
			defaultConfigurationName = Release;
		};
		EFA0637F2871D19A0063F429 /* Build configuration list for PBXNativeTarget "Toss" */ = {
			isa = XCConfigurationList;
			buildConfigurations = (
				EFA063802871D19A0063F429 /* Debug */,
				EFA063812871D19A0063F429 /* Release */,
			);
			defaultConfigurationIsVisible = 0;
			defaultConfigurationName = Release;
		};
/* End XCConfigurationList section */
	};
	rootObject = EFA063692871D1990063F429 /* Project object */;
}
