// !$*UTF8*$!
{
	archiveVersion = 1;
	classes = {
	};
	objectVersion = 55;
	objects = {

/* Begin PBXBuildFile section */
		EF2940D2284442C1004BE45D /* Operation.swift in Sources */ = {isa = PBXBuildFile; fileRef = EF2940D1284442C1004BE45D /* Operation.swift */; };
		EF2940D4284495CA004BE45D /* String+.swift in Sources */ = {isa = PBXBuildFile; fileRef = EF2940D3284495CA004BE45D /* String+.swift */; };
		EF6D0EFD2847D8E1004F5CEB /* TextButton.swift in Sources */ = {isa = PBXBuildFile; fileRef = EF6D0EFC2847D8E1004F5CEB /* TextButton.swift */; };
		EF6D0EFF2847D8ED004F5CEB /* ZeroButton.swift in Sources */ = {isa = PBXBuildFile; fileRef = EF6D0EFE2847D8ED004F5CEB /* ZeroButton.swift */; };
		EF6D0F012847D8F6004F5CEB /* ImageButton.swift in Sources */ = {isa = PBXBuildFile; fileRef = EF6D0F002847D8F6004F5CEB /* ImageButton.swift */; };
		EF87B90B283F664400B8F48B /* CalculatorApp.swift in Sources */ = {isa = PBXBuildFile; fileRef = EF87B90A283F664400B8F48B /* CalculatorApp.swift */; };
		EF87B90D283F664400B8F48B /* ContentView.swift in Sources */ = {isa = PBXBuildFile; fileRef = EF87B90C283F664400B8F48B /* ContentView.swift */; };
		EF87B90F283F664400B8F48B /* Assets.xcassets in Resources */ = {isa = PBXBuildFile; fileRef = EF87B90E283F664400B8F48B /* Assets.xcassets */; };
		EF87B912283F664400B8F48B /* Preview Assets.xcassets in Resources */ = {isa = PBXBuildFile; fileRef = EF87B911283F664400B8F48B /* Preview Assets.xcassets */; };
		EF87B91C283F664400B8F48B /* CalculatorTests.swift in Sources */ = {isa = PBXBuildFile; fileRef = EF87B91B283F664400B8F48B /* CalculatorTests.swift */; };
		EF87B926283F664400B8F48B /* CalculatorUITests.swift in Sources */ = {isa = PBXBuildFile; fileRef = EF87B925283F664400B8F48B /* CalculatorUITests.swift */; };
		EF87B928283F664400B8F48B /* CalculatorUITestsLaunchTests.swift in Sources */ = {isa = PBXBuildFile; fileRef = EF87B927283F664400B8F48B /* CalculatorUITestsLaunchTests.swift */; };
		EF87B936283F669400B8F48B /* .swiftlint.yml in Resources */ = {isa = PBXBuildFile; fileRef = EF87B935283F669400B8F48B /* .swiftlint.yml */; };
		EF87B93E283FBD5700B8F48B /* UIScreen+.swift in Sources */ = {isa = PBXBuildFile; fileRef = EF87B93D283FBD5700B8F48B /* UIScreen+.swift */; };
		EF87B940283FC2AD00B8F48B /* Pallete.swift in Sources */ = {isa = PBXBuildFile; fileRef = EF87B93F283FC2AD00B8F48B /* Pallete.swift */; };
		EF87B942283FECBA00B8F48B /* CalculationButton.swift in Sources */ = {isa = PBXBuildFile; fileRef = EF87B941283FECBA00B8F48B /* CalculationButton.swift */; };
/* End PBXBuildFile section */

/* Begin PBXContainerItemProxy section */
		EF87B918283F664400B8F48B /* PBXContainerItemProxy */ = {
			isa = PBXContainerItemProxy;
			containerPortal = EF87B8FF283F664400B8F48B /* Project object */;
			proxyType = 1;
			remoteGlobalIDString = EF87B906283F664400B8F48B;
			remoteInfo = Calculator;
		};
		EF87B922283F664400B8F48B /* PBXContainerItemProxy */ = {
			isa = PBXContainerItemProxy;
			containerPortal = EF87B8FF283F664400B8F48B /* Project object */;
			proxyType = 1;
			remoteGlobalIDString = EF87B906283F664400B8F48B;
			remoteInfo = Calculator;
		};
/* End PBXContainerItemProxy section */

/* Begin PBXFileReference section */
		EF2940D1284442C1004BE45D /* Operation.swift */ = {isa = PBXFileReference; lastKnownFileType = sourcecode.swift; path = Operation.swift; sourceTree = "<group>"; };
		EF2940D3284495CA004BE45D /* String+.swift */ = {isa = PBXFileReference; lastKnownFileType = sourcecode.swift; path = "String+.swift"; sourceTree = "<group>"; };
		EF6D0EFC2847D8E1004F5CEB /* TextButton.swift */ = {isa = PBXFileReference; lastKnownFileType = sourcecode.swift; path = TextButton.swift; sourceTree = "<group>"; };
		EF6D0EFE2847D8ED004F5CEB /* ZeroButton.swift */ = {isa = PBXFileReference; lastKnownFileType = sourcecode.swift; path = ZeroButton.swift; sourceTree = "<group>"; };
		EF6D0F002847D8F6004F5CEB /* ImageButton.swift */ = {isa = PBXFileReference; lastKnownFileType = sourcecode.swift; path = ImageButton.swift; sourceTree = "<group>"; };
		EF87B907283F664400B8F48B /* Calculator.app */ = {isa = PBXFileReference; explicitFileType = wrapper.application; includeInIndex = 0; path = Calculator.app; sourceTree = BUILT_PRODUCTS_DIR; };
		EF87B90A283F664400B8F48B /* CalculatorApp.swift */ = {isa = PBXFileReference; lastKnownFileType = sourcecode.swift; path = CalculatorApp.swift; sourceTree = "<group>"; };
		EF87B90C283F664400B8F48B /* ContentView.swift */ = {isa = PBXFileReference; lastKnownFileType = sourcecode.swift; path = ContentView.swift; sourceTree = "<group>"; };
		EF87B90E283F664400B8F48B /* Assets.xcassets */ = {isa = PBXFileReference; lastKnownFileType = folder.assetcatalog; path = Assets.xcassets; sourceTree = "<group>"; };
		EF87B911283F664400B8F48B /* Preview Assets.xcassets */ = {isa = PBXFileReference; lastKnownFileType = folder.assetcatalog; path = "Preview Assets.xcassets"; sourceTree = "<group>"; };
		EF87B917283F664400B8F48B /* CalculatorTests.xctest */ = {isa = PBXFileReference; explicitFileType = wrapper.cfbundle; includeInIndex = 0; path = CalculatorTests.xctest; sourceTree = BUILT_PRODUCTS_DIR; };
		EF87B91B283F664400B8F48B /* CalculatorTests.swift */ = {isa = PBXFileReference; lastKnownFileType = sourcecode.swift; path = CalculatorTests.swift; sourceTree = "<group>"; };
		EF87B921283F664400B8F48B /* CalculatorUITests.xctest */ = {isa = PBXFileReference; explicitFileType = wrapper.cfbundle; includeInIndex = 0; path = CalculatorUITests.xctest; sourceTree = BUILT_PRODUCTS_DIR; };
		EF87B925283F664400B8F48B /* CalculatorUITests.swift */ = {isa = PBXFileReference; lastKnownFileType = sourcecode.swift; path = CalculatorUITests.swift; sourceTree = "<group>"; };
		EF87B927283F664400B8F48B /* CalculatorUITestsLaunchTests.swift */ = {isa = PBXFileReference; lastKnownFileType = sourcecode.swift; path = CalculatorUITestsLaunchTests.swift; sourceTree = "<group>"; };
		EF87B935283F669400B8F48B /* .swiftlint.yml */ = {isa = PBXFileReference; lastKnownFileType = text.yaml; path = .swiftlint.yml; sourceTree = "<group>"; };
		EF87B93D283FBD5700B8F48B /* UIScreen+.swift */ = {isa = PBXFileReference; lastKnownFileType = sourcecode.swift; path = "UIScreen+.swift"; sourceTree = "<group>"; };
		EF87B93F283FC2AD00B8F48B /* Pallete.swift */ = {isa = PBXFileReference; lastKnownFileType = sourcecode.swift; path = Pallete.swift; sourceTree = "<group>"; };
		EF87B941283FECBA00B8F48B /* CalculationButton.swift */ = {isa = PBXFileReference; lastKnownFileType = sourcecode.swift; path = CalculationButton.swift; sourceTree = "<group>"; };
/* End PBXFileReference section */

/* Begin PBXFrameworksBuildPhase section */
		EF87B904283F664400B8F48B /* Frameworks */ = {
			isa = PBXFrameworksBuildPhase;
			buildActionMask = 2147483647;
			files = (
			);
			runOnlyForDeploymentPostprocessing = 0;
		};
		EF87B914283F664400B8F48B /* Frameworks */ = {
			isa = PBXFrameworksBuildPhase;
			buildActionMask = 2147483647;
			files = (
			);
			runOnlyForDeploymentPostprocessing = 0;
		};
		EF87B91E283F664400B8F48B /* Frameworks */ = {
			isa = PBXFrameworksBuildPhase;
			buildActionMask = 2147483647;
			files = (
			);
			runOnlyForDeploymentPostprocessing = 0;
		};
/* End PBXFrameworksBuildPhase section */

/* Begin PBXGroup section */
		EF6D0F022847D8FE004F5CEB /* Buttons */ = {
			isa = PBXGroup;
			children = (
				EF6D0EFC2847D8E1004F5CEB /* TextButton.swift */,
				EF6D0EFE2847D8ED004F5CEB /* ZeroButton.swift */,
				EF6D0F002847D8F6004F5CEB /* ImageButton.swift */,
			);
			path = Buttons;
			sourceTree = "<group>";
		};
		EF6D0F032847D907004F5CEB /* Views */ = {
			isa = PBXGroup;
			children = (
				EF87B90A283F664400B8F48B /* CalculatorApp.swift */,
				EF87B90C283F664400B8F48B /* ContentView.swift */,
				EF6D0F022847D8FE004F5CEB /* Buttons */,
			);
			path = Views;
			sourceTree = "<group>";
		};
		EF87B8FE283F664400B8F48B = {
			isa = PBXGroup;
			children = (
				EF87B935283F669400B8F48B /* .swiftlint.yml */,
				EF87B909283F664400B8F48B /* Calculator */,
				EF87B91A283F664400B8F48B /* CalculatorTests */,
				EF87B924283F664400B8F48B /* CalculatorUITests */,
				EF87B908283F664400B8F48B /* Products */,
			);
			sourceTree = "<group>";
		};
		EF87B908283F664400B8F48B /* Products */ = {
			isa = PBXGroup;
			children = (
				EF87B907283F664400B8F48B /* Calculator.app */,
				EF87B917283F664400B8F48B /* CalculatorTests.xctest */,
				EF87B921283F664400B8F48B /* CalculatorUITests.xctest */,
			);
			name = Products;
			sourceTree = "<group>";
		};
		EF87B909283F664400B8F48B /* Calculator */ = {
			isa = PBXGroup;
			children = (
				EF87B945283FED7200B8F48B /* Source */,
				EF87B944283FED6D00B8F48B /* Resource */,
				EF87B910283F664400B8F48B /* Preview Content */,
			);
			path = Calculator;
			sourceTree = "<group>";
		};
		EF87B910283F664400B8F48B /* Preview Content */ = {
			isa = PBXGroup;
			children = (
				EF87B911283F664400B8F48B /* Preview Assets.xcassets */,
			);
			path = "Preview Content";
			sourceTree = "<group>";
		};
		EF87B91A283F664400B8F48B /* CalculatorTests */ = {
			isa = PBXGroup;
			children = (
				EF87B91B283F664400B8F48B /* CalculatorTests.swift */,
			);
			path = CalculatorTests;
			sourceTree = "<group>";
		};
		EF87B924283F664400B8F48B /* CalculatorUITests */ = {
			isa = PBXGroup;
			children = (
				EF87B925283F664400B8F48B /* CalculatorUITests.swift */,
				EF87B927283F664400B8F48B /* CalculatorUITestsLaunchTests.swift */,
			);
			path = CalculatorUITests;
			sourceTree = "<group>";
		};
		EF87B944283FED6D00B8F48B /* Resource */ = {
			isa = PBXGroup;
			children = (
				EF87B93F283FC2AD00B8F48B /* Pallete.swift */,
				EF87B90E283F664400B8F48B /* Assets.xcassets */,
			);
			path = Resource;
			sourceTree = "<group>";
		};
		EF87B945283FED7200B8F48B /* Source */ = {
			isa = PBXGroup;
			children = (
				EF87B947283FED9100B8F48B /* Model */,
				EF87B946283FED7D00B8F48B /* Extensions */,
				EF6D0F032847D907004F5CEB /* Views */,
			);
			path = Source;
			sourceTree = "<group>";
		};
		EF87B946283FED7D00B8F48B /* Extensions */ = {
			isa = PBXGroup;
			children = (
				EF87B93D283FBD5700B8F48B /* UIScreen+.swift */,
				EF2940D3284495CA004BE45D /* String+.swift */,
			);
			path = Extensions;
			sourceTree = "<group>";
		};
		EF87B947283FED9100B8F48B /* Model */ = {
			isa = PBXGroup;
			children = (
				EF87B941283FECBA00B8F48B /* CalculationButton.swift */,
				EF2940D1284442C1004BE45D /* Operation.swift */,
			);
			path = Model;
			sourceTree = "<group>";
		};
/* End PBXGroup section */

/* Begin PBXNativeTarget section */
		EF87B906283F664400B8F48B /* Calculator */ = {
			isa = PBXNativeTarget;
			buildConfigurationList = EF87B92B283F664400B8F48B /* Build configuration list for PBXNativeTarget "Calculator" */;
			buildPhases = (
				EF87B934283F667400B8F48B /* SwiftLint Script */,
				EF87B903283F664400B8F48B /* Sources */,
				EF87B904283F664400B8F48B /* Frameworks */,
				EF87B905283F664400B8F48B /* Resources */,
			);
			buildRules = (
			);
			dependencies = (
			);
			name = Calculator;
			productName = Calculator;
			productReference = EF87B907283F664400B8F48B /* Calculator.app */;
			productType = "com.apple.product-type.application";
		};
		EF87B916283F664400B8F48B /* CalculatorTests */ = {
			isa = PBXNativeTarget;
			buildConfigurationList = EF87B92E283F664400B8F48B /* Build configuration list for PBXNativeTarget "CalculatorTests" */;
			buildPhases = (
				EF87B913283F664400B8F48B /* Sources */,
				EF87B914283F664400B8F48B /* Frameworks */,
				EF87B915283F664400B8F48B /* Resources */,
			);
			buildRules = (
			);
			dependencies = (
				EF87B919283F664400B8F48B /* PBXTargetDependency */,
			);
			name = CalculatorTests;
			productName = CalculatorTests;
			productReference = EF87B917283F664400B8F48B /* CalculatorTests.xctest */;
			productType = "com.apple.product-type.bundle.unit-test";
		};
		EF87B920283F664400B8F48B /* CalculatorUITests */ = {
			isa = PBXNativeTarget;
			buildConfigurationList = EF87B931283F664400B8F48B /* Build configuration list for PBXNativeTarget "CalculatorUITests" */;
			buildPhases = (
				EF87B91D283F664400B8F48B /* Sources */,
				EF87B91E283F664400B8F48B /* Frameworks */,
				EF87B91F283F664400B8F48B /* Resources */,
			);
			buildRules = (
			);
			dependencies = (
				EF87B923283F664400B8F48B /* PBXTargetDependency */,
			);
			name = CalculatorUITests;
			productName = CalculatorUITests;
			productReference = EF87B921283F664400B8F48B /* CalculatorUITests.xctest */;
			productType = "com.apple.product-type.bundle.ui-testing";
		};
/* End PBXNativeTarget section */

/* Begin PBXProject section */
		EF87B8FF283F664400B8F48B /* Project object */ = {
			isa = PBXProject;
			attributes = {
				BuildIndependentTargetsInParallel = 1;
				LastSwiftUpdateCheck = 1340;
				LastUpgradeCheck = 1340;
				TargetAttributes = {
					EF87B906283F664400B8F48B = {
						CreatedOnToolsVersion = 13.4;
					};
					EF87B916283F664400B8F48B = {
						CreatedOnToolsVersion = 13.4;
						TestTargetID = EF87B906283F664400B8F48B;
					};
					EF87B920283F664400B8F48B = {
						CreatedOnToolsVersion = 13.4;
						TestTargetID = EF87B906283F664400B8F48B;
					};
				};
			};
			buildConfigurationList = EF87B902283F664400B8F48B /* Build configuration list for PBXProject "Calculator" */;
			compatibilityVersion = "Xcode 13.0";
			developmentRegion = en;
			hasScannedForEncodings = 0;
			knownRegions = (
				en,
				Base,
			);
			mainGroup = EF87B8FE283F664400B8F48B;
			productRefGroup = EF87B908283F664400B8F48B /* Products */;
			projectDirPath = "";
			projectRoot = "";
			targets = (
				EF87B906283F664400B8F48B /* Calculator */,
				EF87B916283F664400B8F48B /* CalculatorTests */,
				EF87B920283F664400B8F48B /* CalculatorUITests */,
			);
		};
/* End PBXProject section */

/* Begin PBXResourcesBuildPhase section */
		EF87B905283F664400B8F48B /* Resources */ = {
			isa = PBXResourcesBuildPhase;
			buildActionMask = 2147483647;
			files = (
				EF87B936283F669400B8F48B /* .swiftlint.yml in Resources */,
				EF87B912283F664400B8F48B /* Preview Assets.xcassets in Resources */,
				EF87B90F283F664400B8F48B /* Assets.xcassets in Resources */,
			);
			runOnlyForDeploymentPostprocessing = 0;
		};
		EF87B915283F664400B8F48B /* Resources */ = {
			isa = PBXResourcesBuildPhase;
			buildActionMask = 2147483647;
			files = (
			);
			runOnlyForDeploymentPostprocessing = 0;
		};
		EF87B91F283F664400B8F48B /* Resources */ = {
			isa = PBXResourcesBuildPhase;
			buildActionMask = 2147483647;
			files = (
			);
			runOnlyForDeploymentPostprocessing = 0;
		};
/* End PBXResourcesBuildPhase section */

/* Begin PBXShellScriptBuildPhase section */
		EF87B934283F667400B8F48B /* SwiftLint Script */ = {
			isa = PBXShellScriptBuildPhase;
			buildActionMask = 2147483647;
			files = (
			);
			inputFileListPaths = (
			);
			inputPaths = (
			);
			name = "SwiftLint Script";
			outputFileListPaths = (
			);
			outputPaths = (
			);
			runOnlyForDeploymentPostprocessing = 0;
			shellPath = /bin/sh;
			shellScript = "# 설정하기 https://github.com/realm/SwiftLint\n# ⚠️ M1 과 Intel 에서 SwiftLint 파일 경로가 다르기 때문에 주의\nexport PATH=\"$PATH:/opt/homebrew/bin\"\nif which swiftlint > /dev/null; then\n  swiftlint\nelse\n  echo \"warning: SwiftLint not installed, download from https://github.com/realm/SwiftLint\"\nfi\n\n";
		};
/* End PBXShellScriptBuildPhase section */

/* Begin PBXSourcesBuildPhase section */
		EF87B903283F664400B8F48B /* Sources */ = {
			isa = PBXSourcesBuildPhase;
			buildActionMask = 2147483647;
			files = (
				EF6D0EFF2847D8ED004F5CEB /* ZeroButton.swift in Sources */,
				EF87B90D283F664400B8F48B /* ContentView.swift in Sources */,
				EF87B93E283FBD5700B8F48B /* UIScreen+.swift in Sources */,
				EF87B942283FECBA00B8F48B /* CalculationButton.swift in Sources */,
				EF87B90B283F664400B8F48B /* CalculatorApp.swift in Sources */,
				EF6D0EFD2847D8E1004F5CEB /* TextButton.swift in Sources */,
				EF87B940283FC2AD00B8F48B /* Pallete.swift in Sources */,
				EF6D0F012847D8F6004F5CEB /* ImageButton.swift in Sources */,
				EF2940D4284495CA004BE45D /* String+.swift in Sources */,
				EF2940D2284442C1004BE45D /* Operation.swift in Sources */,
			);
			runOnlyForDeploymentPostprocessing = 0;
		};
		EF87B913283F664400B8F48B /* Sources */ = {
			isa = PBXSourcesBuildPhase;
			buildActionMask = 2147483647;
			files = (
				EF87B91C283F664400B8F48B /* CalculatorTests.swift in Sources */,
			);
			runOnlyForDeploymentPostprocessing = 0;
		};
		EF87B91D283F664400B8F48B /* Sources */ = {
			isa = PBXSourcesBuildPhase;
			buildActionMask = 2147483647;
			files = (
				EF87B928283F664400B8F48B /* CalculatorUITestsLaunchTests.swift in Sources */,
				EF87B926283F664400B8F48B /* CalculatorUITests.swift in Sources */,
			);
			runOnlyForDeploymentPostprocessing = 0;
		};
/* End PBXSourcesBuildPhase section */

/* Begin PBXTargetDependency section */
		EF87B919283F664400B8F48B /* PBXTargetDependency */ = {
			isa = PBXTargetDependency;
			target = EF87B906283F664400B8F48B /* Calculator */;
			targetProxy = EF87B918283F664400B8F48B /* PBXContainerItemProxy */;
		};
		EF87B923283F664400B8F48B /* PBXTargetDependency */ = {
			isa = PBXTargetDependency;
			target = EF87B906283F664400B8F48B /* Calculator */;
			targetProxy = EF87B922283F664400B8F48B /* PBXContainerItemProxy */;
		};
/* End PBXTargetDependency section */

/* Begin XCBuildConfiguration section */
		EF87B929283F664400B8F48B /* Debug */ = {
			isa = XCBuildConfiguration;
			buildSettings = {
				ALWAYS_SEARCH_USER_PATHS = NO;
				CLANG_ANALYZER_NONNULL = YES;
				CLANG_ANALYZER_NUMBER_OBJECT_CONVERSION = YES_AGGRESSIVE;
				CLANG_CXX_LANGUAGE_STANDARD = "gnu++17";
				CLANG_ENABLE_MODULES = YES;
				CLANG_ENABLE_OBJC_ARC = YES;
				CLANG_ENABLE_OBJC_WEAK = YES;
				CLANG_WARN_BLOCK_CAPTURE_AUTORELEASING = YES;
				CLANG_WARN_BOOL_CONVERSION = YES;
				CLANG_WARN_COMMA = YES;
				CLANG_WARN_CONSTANT_CONVERSION = YES;
				CLANG_WARN_DEPRECATED_OBJC_IMPLEMENTATIONS = YES;
				CLANG_WARN_DIRECT_OBJC_ISA_USAGE = YES_ERROR;
				CLANG_WARN_DOCUMENTATION_COMMENTS = YES;
				CLANG_WARN_EMPTY_BODY = YES;
				CLANG_WARN_ENUM_CONVERSION = YES;
				CLANG_WARN_INFINITE_RECURSION = YES;
				CLANG_WARN_INT_CONVERSION = YES;
				CLANG_WARN_NON_LITERAL_NULL_CONVERSION = YES;
				CLANG_WARN_OBJC_IMPLICIT_RETAIN_SELF = YES;
				CLANG_WARN_OBJC_LITERAL_CONVERSION = YES;
				CLANG_WARN_OBJC_ROOT_CLASS = YES_ERROR;
				CLANG_WARN_QUOTED_INCLUDE_IN_FRAMEWORK_HEADER = YES;
				CLANG_WARN_RANGE_LOOP_ANALYSIS = YES;
				CLANG_WARN_STRICT_PROTOTYPES = YES;
				CLANG_WARN_SUSPICIOUS_MOVE = YES;
				CLANG_WARN_UNGUARDED_AVAILABILITY = YES_AGGRESSIVE;
				CLANG_WARN_UNREACHABLE_CODE = YES;
				CLANG_WARN__DUPLICATE_METHOD_MATCH = YES;
				COPY_PHASE_STRIP = NO;
				DEBUG_INFORMATION_FORMAT = dwarf;
				ENABLE_STRICT_OBJC_MSGSEND = YES;
				ENABLE_TESTABILITY = YES;
				GCC_C_LANGUAGE_STANDARD = gnu11;
				GCC_DYNAMIC_NO_PIC = NO;
				GCC_NO_COMMON_BLOCKS = YES;
				GCC_OPTIMIZATION_LEVEL = 0;
				GCC_PREPROCESSOR_DEFINITIONS = (
					"DEBUG=1",
					"$(inherited)",
				);
				GCC_WARN_64_TO_32_BIT_CONVERSION = YES;
				GCC_WARN_ABOUT_RETURN_TYPE = YES_ERROR;
				GCC_WARN_UNDECLARED_SELECTOR = YES;
				GCC_WARN_UNINITIALIZED_AUTOS = YES_AGGRESSIVE;
				GCC_WARN_UNUSED_FUNCTION = YES;
				GCC_WARN_UNUSED_VARIABLE = YES;
				IPHONEOS_DEPLOYMENT_TARGET = 15.5;
				MTL_ENABLE_DEBUG_INFO = INCLUDE_SOURCE;
				MTL_FAST_MATH = YES;
				ONLY_ACTIVE_ARCH = YES;
				SDKROOT = iphoneos;
				SWIFT_ACTIVE_COMPILATION_CONDITIONS = DEBUG;
				SWIFT_OPTIMIZATION_LEVEL = "-Onone";
			};
			name = Debug;
		};
		EF87B92A283F664400B8F48B /* Release */ = {
			isa = XCBuildConfiguration;
			buildSettings = {
				ALWAYS_SEARCH_USER_PATHS = NO;
				CLANG_ANALYZER_NONNULL = YES;
				CLANG_ANALYZER_NUMBER_OBJECT_CONVERSION = YES_AGGRESSIVE;
				CLANG_CXX_LANGUAGE_STANDARD = "gnu++17";
				CLANG_ENABLE_MODULES = YES;
				CLANG_ENABLE_OBJC_ARC = YES;
				CLANG_ENABLE_OBJC_WEAK = YES;
				CLANG_WARN_BLOCK_CAPTURE_AUTORELEASING = YES;
				CLANG_WARN_BOOL_CONVERSION = YES;
				CLANG_WARN_COMMA = YES;
				CLANG_WARN_CONSTANT_CONVERSION = YES;
				CLANG_WARN_DEPRECATED_OBJC_IMPLEMENTATIONS = YES;
				CLANG_WARN_DIRECT_OBJC_ISA_USAGE = YES_ERROR;
				CLANG_WARN_DOCUMENTATION_COMMENTS = YES;
				CLANG_WARN_EMPTY_BODY = YES;
				CLANG_WARN_ENUM_CONVERSION = YES;
				CLANG_WARN_INFINITE_RECURSION = YES;
				CLANG_WARN_INT_CONVERSION = YES;
				CLANG_WARN_NON_LITERAL_NULL_CONVERSION = YES;
				CLANG_WARN_OBJC_IMPLICIT_RETAIN_SELF = YES;
				CLANG_WARN_OBJC_LITERAL_CONVERSION = YES;
				CLANG_WARN_OBJC_ROOT_CLASS = YES_ERROR;
				CLANG_WARN_QUOTED_INCLUDE_IN_FRAMEWORK_HEADER = YES;
				CLANG_WARN_RANGE_LOOP_ANALYSIS = YES;
				CLANG_WARN_STRICT_PROTOTYPES = YES;
				CLANG_WARN_SUSPICIOUS_MOVE = YES;
				CLANG_WARN_UNGUARDED_AVAILABILITY = YES_AGGRESSIVE;
				CLANG_WARN_UNREACHABLE_CODE = YES;
				CLANG_WARN__DUPLICATE_METHOD_MATCH = YES;
				COPY_PHASE_STRIP = NO;
				DEBUG_INFORMATION_FORMAT = "dwarf-with-dsym";
				ENABLE_NS_ASSERTIONS = NO;
				ENABLE_STRICT_OBJC_MSGSEND = YES;
				GCC_C_LANGUAGE_STANDARD = gnu11;
				GCC_NO_COMMON_BLOCKS = YES;
				GCC_WARN_64_TO_32_BIT_CONVERSION = YES;
				GCC_WARN_ABOUT_RETURN_TYPE = YES_ERROR;
				GCC_WARN_UNDECLARED_SELECTOR = YES;
				GCC_WARN_UNINITIALIZED_AUTOS = YES_AGGRESSIVE;
				GCC_WARN_UNUSED_FUNCTION = YES;
				GCC_WARN_UNUSED_VARIABLE = YES;
				IPHONEOS_DEPLOYMENT_TARGET = 15.5;
				MTL_ENABLE_DEBUG_INFO = NO;
				MTL_FAST_MATH = YES;
				SDKROOT = iphoneos;
				SWIFT_COMPILATION_MODE = wholemodule;
				SWIFT_OPTIMIZATION_LEVEL = "-O";
				VALIDATE_PRODUCT = YES;
			};
			name = Release;
		};
		EF87B92C283F664400B8F48B /* Debug */ = {
			isa = XCBuildConfiguration;
			buildSettings = {
				ASSETCATALOG_COMPILER_APPICON_NAME = AppIcon;
				ASSETCATALOG_COMPILER_GLOBAL_ACCENT_COLOR_NAME = AccentColor;
				CODE_SIGN_STYLE = Automatic;
				CURRENT_PROJECT_VERSION = 1;
				DEVELOPMENT_ASSET_PATHS = "\"Calculator/Preview Content\"";
				DEVELOPMENT_TEAM = "";
				ENABLE_PREVIEWS = YES;
				GENERATE_INFOPLIST_FILE = YES;
				INFOPLIST_KEY_UIApplicationSceneManifest_Generation = YES;
				INFOPLIST_KEY_UIApplicationSupportsIndirectInputEvents = YES;
				INFOPLIST_KEY_UILaunchScreen_Generation = YES;
				INFOPLIST_KEY_UISupportedInterfaceOrientations_iPad = "UIInterfaceOrientationPortrait UIInterfaceOrientationPortraitUpsideDown UIInterfaceOrientationLandscapeLeft UIInterfaceOrientationLandscapeRight";
				INFOPLIST_KEY_UISupportedInterfaceOrientations_iPhone = "UIInterfaceOrientationPortrait UIInterfaceOrientationLandscapeLeft UIInterfaceOrientationLandscapeRight";
				LD_RUNPATH_SEARCH_PATHS = (
					"$(inherited)",
					"@executable_path/Frameworks",
				);
				MARKETING_VERSION = 1.0;
				PRODUCT_BUNDLE_IDENTIFIER = com.Woody.Calculator;
				PRODUCT_NAME = "$(TARGET_NAME)";
				SWIFT_EMIT_LOC_STRINGS = YES;
				SWIFT_VERSION = 5.0;
				TARGETED_DEVICE_FAMILY = "1,2";
			};
			name = Debug;
		};
		EF87B92D283F664400B8F48B /* Release */ = {
			isa = XCBuildConfiguration;
			buildSettings = {
				ASSETCATALOG_COMPILER_APPICON_NAME = AppIcon;
				ASSETCATALOG_COMPILER_GLOBAL_ACCENT_COLOR_NAME = AccentColor;
				CODE_SIGN_STYLE = Automatic;
				CURRENT_PROJECT_VERSION = 1;
				DEVELOPMENT_ASSET_PATHS = "\"Calculator/Preview Content\"";
				DEVELOPMENT_TEAM = "";
				ENABLE_PREVIEWS = YES;
				GENERATE_INFOPLIST_FILE = YES;
				INFOPLIST_KEY_UIApplicationSceneManifest_Generation = YES;
				INFOPLIST_KEY_UIApplicationSupportsIndirectInputEvents = YES;
				INFOPLIST_KEY_UILaunchScreen_Generation = YES;
				INFOPLIST_KEY_UISupportedInterfaceOrientations_iPad = "UIInterfaceOrientationPortrait UIInterfaceOrientationPortraitUpsideDown UIInterfaceOrientationLandscapeLeft UIInterfaceOrientationLandscapeRight";
				INFOPLIST_KEY_UISupportedInterfaceOrientations_iPhone = "UIInterfaceOrientationPortrait UIInterfaceOrientationLandscapeLeft UIInterfaceOrientationLandscapeRight";
				LD_RUNPATH_SEARCH_PATHS = (
					"$(inherited)",
					"@executable_path/Frameworks",
				);
				MARKETING_VERSION = 1.0;
				PRODUCT_BUNDLE_IDENTIFIER = com.Woody.Calculator;
				PRODUCT_NAME = "$(TARGET_NAME)";
				SWIFT_EMIT_LOC_STRINGS = YES;
				SWIFT_VERSION = 5.0;
				TARGETED_DEVICE_FAMILY = "1,2";
			};
			name = Release;
		};
		EF87B92F283F664400B8F48B /* Debug */ = {
			isa = XCBuildConfiguration;
			buildSettings = {
				ALWAYS_EMBED_SWIFT_STANDARD_LIBRARIES = YES;
				BUNDLE_LOADER = "$(TEST_HOST)";
				CODE_SIGN_STYLE = Automatic;
				CURRENT_PROJECT_VERSION = 1;
				GENERATE_INFOPLIST_FILE = YES;
				IPHONEOS_DEPLOYMENT_TARGET = 15.5;
				MARKETING_VERSION = 1.0;
				PRODUCT_BUNDLE_IDENTIFIER = com.Woody.CalculatorTests;
				PRODUCT_NAME = "$(TARGET_NAME)";
				SWIFT_EMIT_LOC_STRINGS = NO;
				SWIFT_VERSION = 5.0;
				TARGETED_DEVICE_FAMILY = "1,2";
				TEST_HOST = "$(BUILT_PRODUCTS_DIR)/Calculator.app/Calculator";
			};
			name = Debug;
		};
		EF87B930283F664400B8F48B /* Release */ = {
			isa = XCBuildConfiguration;
			buildSettings = {
				ALWAYS_EMBED_SWIFT_STANDARD_LIBRARIES = YES;
				BUNDLE_LOADER = "$(TEST_HOST)";
				CODE_SIGN_STYLE = Automatic;
				CURRENT_PROJECT_VERSION = 1;
				GENERATE_INFOPLIST_FILE = YES;
				IPHONEOS_DEPLOYMENT_TARGET = 15.5;
				MARKETING_VERSION = 1.0;
				PRODUCT_BUNDLE_IDENTIFIER = com.Woody.CalculatorTests;
				PRODUCT_NAME = "$(TARGET_NAME)";
				SWIFT_EMIT_LOC_STRINGS = NO;
				SWIFT_VERSION = 5.0;
				TARGETED_DEVICE_FAMILY = "1,2";
				TEST_HOST = "$(BUILT_PRODUCTS_DIR)/Calculator.app/Calculator";
			};
			name = Release;
		};
		EF87B932283F664400B8F48B /* Debug */ = {
			isa = XCBuildConfiguration;
			buildSettings = {
				ALWAYS_EMBED_SWIFT_STANDARD_LIBRARIES = YES;
				CODE_SIGN_STYLE = Automatic;
				CURRENT_PROJECT_VERSION = 1;
				GENERATE_INFOPLIST_FILE = YES;
				MARKETING_VERSION = 1.0;
				PRODUCT_BUNDLE_IDENTIFIER = com.Woody.CalculatorUITests;
				PRODUCT_NAME = "$(TARGET_NAME)";
				SWIFT_EMIT_LOC_STRINGS = NO;
				SWIFT_VERSION = 5.0;
				TARGETED_DEVICE_FAMILY = "1,2";
				TEST_TARGET_NAME = Calculator;
			};
			name = Debug;
		};
		EF87B933283F664400B8F48B /* Release */ = {
			isa = XCBuildConfiguration;
			buildSettings = {
				ALWAYS_EMBED_SWIFT_STANDARD_LIBRARIES = YES;
				CODE_SIGN_STYLE = Automatic;
				CURRENT_PROJECT_VERSION = 1;
				GENERATE_INFOPLIST_FILE = YES;
				MARKETING_VERSION = 1.0;
				PRODUCT_BUNDLE_IDENTIFIER = com.Woody.CalculatorUITests;
				PRODUCT_NAME = "$(TARGET_NAME)";
				SWIFT_EMIT_LOC_STRINGS = NO;
				SWIFT_VERSION = 5.0;
				TARGETED_DEVICE_FAMILY = "1,2";
				TEST_TARGET_NAME = Calculator;
			};
			name = Release;
		};
/* End XCBuildConfiguration section */

/* Begin XCConfigurationList section */
		EF87B902283F664400B8F48B /* Build configuration list for PBXProject "Calculator" */ = {
			isa = XCConfigurationList;
			buildConfigurations = (
				EF87B929283F664400B8F48B /* Debug */,
				EF87B92A283F664400B8F48B /* Release */,
			);
			defaultConfigurationIsVisible = 0;
			defaultConfigurationName = Release;
		};
		EF87B92B283F664400B8F48B /* Build configuration list for PBXNativeTarget "Calculator" */ = {
			isa = XCConfigurationList;
			buildConfigurations = (
				EF87B92C283F664400B8F48B /* Debug */,
				EF87B92D283F664400B8F48B /* Release */,
			);
			defaultConfigurationIsVisible = 0;
			defaultConfigurationName = Release;
		};
		EF87B92E283F664400B8F48B /* Build configuration list for PBXNativeTarget "CalculatorTests" */ = {
			isa = XCConfigurationList;
			buildConfigurations = (
				EF87B92F283F664400B8F48B /* Debug */,
				EF87B930283F664400B8F48B /* Release */,
			);
			defaultConfigurationIsVisible = 0;
			defaultConfigurationName = Release;
		};
		EF87B931283F664400B8F48B /* Build configuration list for PBXNativeTarget "CalculatorUITests" */ = {
			isa = XCConfigurationList;
			buildConfigurations = (
				EF87B932283F664400B8F48B /* Debug */,
				EF87B933283F664400B8F48B /* Release */,
			);
			defaultConfigurationIsVisible = 0;
			defaultConfigurationName = Release;
		};
/* End XCConfigurationList section */
	};
	rootObject = EF87B8FF283F664400B8F48B /* Project object */;
}
