// !$*UTF8*$!
{
	archiveVersion = 1;
	classes = {
	};
	objectVersion = 55;
	objects = {

/* Begin PBXBuildFile section */
		EF6D0F112847DE4E004F5CEB /* AppDelegate.swift in Sources */ = {isa = PBXBuildFile; fileRef = EF6D0F102847DE4E004F5CEB /* AppDelegate.swift */; };
		EF6D0F132847DE4E004F5CEB /* SceneDelegate.swift in Sources */ = {isa = PBXBuildFile; fileRef = EF6D0F122847DE4E004F5CEB /* SceneDelegate.swift */; };
		EF6D0F182847DE4E004F5CEB /* Main.storyboard in Resources */ = {isa = PBXBuildFile; fileRef = EF6D0F162847DE4E004F5CEB /* Main.storyboard */; };
		EF6D0F1A2847DE4F004F5CEB /* Assets.xcassets in Resources */ = {isa = PBXBuildFile; fileRef = EF6D0F192847DE4F004F5CEB /* Assets.xcassets */; };
		EF6D0F1D2847DE4F004F5CEB /* LaunchScreen.storyboard in Resources */ = {isa = PBXBuildFile; fileRef = EF6D0F1B2847DE4F004F5CEB /* LaunchScreen.storyboard */; };
		EF6D0F282847DEF9004F5CEB /* .swiftlint.yml in Resources */ = {isa = PBXBuildFile; fileRef = EF6D0F272847DEF9004F5CEB /* .swiftlint.yml */; };
		EF6D0F2D2847E086004F5CEB /* UICollectionView+.swift in Sources */ = {isa = PBXBuildFile; fileRef = EF6D0F2C2847E086004F5CEB /* UICollectionView+.swift */; };
		EF6D0F2F2847E1AD004F5CEB /* UITableView+.swift in Sources */ = {isa = PBXBuildFile; fileRef = EF6D0F2E2847E1AD004F5CEB /* UITableView+.swift */; };
		EF6D0F312847E1DA004F5CEB /* UILabel+.swift in Sources */ = {isa = PBXBuildFile; fileRef = EF6D0F302847E1DA004F5CEB /* UILabel+.swift */; };
		EF6D0F362847EA6B004F5CEB /* MainTabBarController.swift in Sources */ = {isa = PBXBuildFile; fileRef = EF6D0F352847EA6B004F5CEB /* MainTabBarController.swift */; };
		EF6D0F392847EAA7004F5CEB /* TodayViewController.swift in Sources */ = {isa = PBXBuildFile; fileRef = EF6D0F382847EAA7004F5CEB /* TodayViewController.swift */; };
		EF6D0F3C2847EAB8004F5CEB /* GameViewController.swift in Sources */ = {isa = PBXBuildFile; fileRef = EF6D0F3B2847EAB8004F5CEB /* GameViewController.swift */; };
		EF6D0F3F2847EAC3004F5CEB /* AppViewController.swift in Sources */ = {isa = PBXBuildFile; fileRef = EF6D0F3E2847EAC3004F5CEB /* AppViewController.swift */; };
		EF6D0F422847EDF2004F5CEB /* BaseViewController.swift in Sources */ = {isa = PBXBuildFile; fileRef = EF6D0F412847EDF2004F5CEB /* BaseViewController.swift */; };
		EF6D0F452847EE2B004F5CEB /* CodeBasedView.swift in Sources */ = {isa = PBXBuildFile; fileRef = EF6D0F442847EE2B004F5CEB /* CodeBasedView.swift */; };
		EF9709E2284BA56100D64714 /* HeaderCollectionViewCell.swift in Sources */ = {isa = PBXBuildFile; fileRef = EF9709E0284BA56100D64714 /* HeaderCollectionViewCell.swift */; };
		EF9709E3284BA56100D64714 /* HeaderCollectionViewCell.xib in Resources */ = {isa = PBXBuildFile; fileRef = EF9709E1284BA56100D64714 /* HeaderCollectionViewCell.xib */; };
		EF9709E8284BAC1200D64714 /* ContentCollectionViewCell.swift in Sources */ = {isa = PBXBuildFile; fileRef = EF9709E6284BAC1200D64714 /* ContentCollectionViewCell.swift */; };
		EF9709E9284BAC1200D64714 /* ContentCollectionViewCell.xib in Resources */ = {isa = PBXBuildFile; fileRef = EF9709E7284BAC1200D64714 /* ContentCollectionViewCell.xib */; };
		EF9709EF284BC8E500D64714 /* FlexLayout in Frameworks */ = {isa = PBXBuildFile; productRef = EF9709EE284BC8E500D64714 /* FlexLayout */; };
		EFA7B970284B3D28006671EF /* TodayViewController.storyboard in Resources */ = {isa = PBXBuildFile; fileRef = EFA7B96F284B3D28006671EF /* TodayViewController.storyboard */; };
		EFA7B974284B4181006671EF /* Storyboarded.swift in Sources */ = {isa = PBXBuildFile; fileRef = EFA7B973284B4181006671EF /* Storyboarded.swift */; };
		EFAF94902848EE2B0067A63F /* ArcadeViewController.swift in Sources */ = {isa = PBXBuildFile; fileRef = EFAF948F2848EE2B0067A63F /* ArcadeViewController.swift */; };
		EFAF94932848EE350067A63F /* SearchViewController.swift in Sources */ = {isa = PBXBuildFile; fileRef = EFAF94922848EE350067A63F /* SearchViewController.swift */; };
		EFAF94952848EEF10067A63F /* UIViewController+.swift in Sources */ = {isa = PBXBuildFile; fileRef = EFAF94942848EEF10067A63F /* UIViewController+.swift */; };
		EFAF94972848F0CD0067A63F /* TabItem.swift in Sources */ = {isa = PBXBuildFile; fileRef = EFAF94962848F0CD0067A63F /* TabItem.swift */; };
		EFAF949A2848F1F80067A63F /* SnapKit in Frameworks */ = {isa = PBXBuildFile; productRef = EFAF94992848F1F80067A63F /* SnapKit */; };
		EFD0D080284B43140033566F /* BaseCollectionViewCell.swift in Sources */ = {isa = PBXBuildFile; fileRef = EFD0D07F284B43140033566F /* BaseCollectionViewCell.swift */; };
		EFD0D084284B4E710033566F /* UIView+.swift in Sources */ = {isa = PBXBuildFile; fileRef = EFD0D083284B4E710033566F /* UIView+.swift */; };
		EFD0D086284B516F0033566F /* UIStackView+.swift in Sources */ = {isa = PBXBuildFile; fileRef = EFD0D085284B516F0033566F /* UIStackView+.swift */; };
		EFD0D089284B7E690033566F /* DeviceInfo.swift in Sources */ = {isa = PBXBuildFile; fileRef = EFD0D088284B7E690033566F /* DeviceInfo.swift */; };
/* End PBXBuildFile section */

/* Begin PBXFileReference section */
		EF6D0F0D2847DE4E004F5CEB /* Appstore.app */ = {isa = PBXFileReference; explicitFileType = wrapper.application; includeInIndex = 0; path = Appstore.app; sourceTree = BUILT_PRODUCTS_DIR; };
		EF6D0F102847DE4E004F5CEB /* AppDelegate.swift */ = {isa = PBXFileReference; lastKnownFileType = sourcecode.swift; path = AppDelegate.swift; sourceTree = "<group>"; };
		EF6D0F122847DE4E004F5CEB /* SceneDelegate.swift */ = {isa = PBXFileReference; lastKnownFileType = sourcecode.swift; path = SceneDelegate.swift; sourceTree = "<group>"; };
		EF6D0F172847DE4E004F5CEB /* Base */ = {isa = PBXFileReference; lastKnownFileType = file.storyboard; name = Base; path = Base.lproj/Main.storyboard; sourceTree = "<group>"; };
		EF6D0F192847DE4F004F5CEB /* Assets.xcassets */ = {isa = PBXFileReference; lastKnownFileType = folder.assetcatalog; path = Assets.xcassets; sourceTree = "<group>"; };
		EF6D0F1C2847DE4F004F5CEB /* Base */ = {isa = PBXFileReference; lastKnownFileType = file.storyboard; name = Base; path = Base.lproj/LaunchScreen.storyboard; sourceTree = "<group>"; };
		EF6D0F1E2847DE4F004F5CEB /* Info.plist */ = {isa = PBXFileReference; lastKnownFileType = text.plist.xml; path = Info.plist; sourceTree = "<group>"; };
		EF6D0F272847DEF9004F5CEB /* .swiftlint.yml */ = {isa = PBXFileReference; lastKnownFileType = text.yaml; path = .swiftlint.yml; sourceTree = "<group>"; };
		EF6D0F2C2847E086004F5CEB /* UICollectionView+.swift */ = {isa = PBXFileReference; lastKnownFileType = sourcecode.swift; path = "UICollectionView+.swift"; sourceTree = "<group>"; };
		EF6D0F2E2847E1AD004F5CEB /* UITableView+.swift */ = {isa = PBXFileReference; lastKnownFileType = sourcecode.swift; path = "UITableView+.swift"; sourceTree = "<group>"; };
		EF6D0F302847E1DA004F5CEB /* UILabel+.swift */ = {isa = PBXFileReference; lastKnownFileType = sourcecode.swift; path = "UILabel+.swift"; sourceTree = "<group>"; };
		EF6D0F352847EA6B004F5CEB /* MainTabBarController.swift */ = {isa = PBXFileReference; lastKnownFileType = sourcecode.swift; path = MainTabBarController.swift; sourceTree = "<group>"; };
		EF6D0F382847EAA7004F5CEB /* TodayViewController.swift */ = {isa = PBXFileReference; lastKnownFileType = sourcecode.swift; path = TodayViewController.swift; sourceTree = "<group>"; };
		EF6D0F3B2847EAB8004F5CEB /* GameViewController.swift */ = {isa = PBXFileReference; lastKnownFileType = sourcecode.swift; path = GameViewController.swift; sourceTree = "<group>"; };
		EF6D0F3E2847EAC3004F5CEB /* AppViewController.swift */ = {isa = PBXFileReference; lastKnownFileType = sourcecode.swift; path = AppViewController.swift; sourceTree = "<group>"; };
		EF6D0F412847EDF2004F5CEB /* BaseViewController.swift */ = {isa = PBXFileReference; lastKnownFileType = sourcecode.swift; path = BaseViewController.swift; sourceTree = "<group>"; };
		EF6D0F442847EE2B004F5CEB /* CodeBasedView.swift */ = {isa = PBXFileReference; lastKnownFileType = sourcecode.swift; path = CodeBasedView.swift; sourceTree = "<group>"; };
		EF9709E0284BA56100D64714 /* HeaderCollectionViewCell.swift */ = {isa = PBXFileReference; lastKnownFileType = sourcecode.swift; path = HeaderCollectionViewCell.swift; sourceTree = "<group>"; };
		EF9709E1284BA56100D64714 /* HeaderCollectionViewCell.xib */ = {isa = PBXFileReference; lastKnownFileType = file.xib; path = HeaderCollectionViewCell.xib; sourceTree = "<group>"; };
		EF9709E6284BAC1200D64714 /* ContentCollectionViewCell.swift */ = {isa = PBXFileReference; lastKnownFileType = sourcecode.swift; path = ContentCollectionViewCell.swift; sourceTree = "<group>"; };
		EF9709E7284BAC1200D64714 /* ContentCollectionViewCell.xib */ = {isa = PBXFileReference; lastKnownFileType = file.xib; path = ContentCollectionViewCell.xib; sourceTree = "<group>"; };
		EFA7B96F284B3D28006671EF /* TodayViewController.storyboard */ = {isa = PBXFileReference; lastKnownFileType = file.storyboard; path = TodayViewController.storyboard; sourceTree = "<group>"; };
		EFA7B973284B4181006671EF /* Storyboarded.swift */ = {isa = PBXFileReference; lastKnownFileType = sourcecode.swift; path = Storyboarded.swift; sourceTree = "<group>"; };
		EFAF948F2848EE2B0067A63F /* ArcadeViewController.swift */ = {isa = PBXFileReference; lastKnownFileType = sourcecode.swift; path = ArcadeViewController.swift; sourceTree = "<group>"; };
		EFAF94922848EE350067A63F /* SearchViewController.swift */ = {isa = PBXFileReference; lastKnownFileType = sourcecode.swift; path = SearchViewController.swift; sourceTree = "<group>"; };
		EFAF94942848EEF10067A63F /* UIViewController+.swift */ = {isa = PBXFileReference; lastKnownFileType = sourcecode.swift; path = "UIViewController+.swift"; sourceTree = "<group>"; };
		EFAF94962848F0CD0067A63F /* TabItem.swift */ = {isa = PBXFileReference; lastKnownFileType = sourcecode.swift; path = TabItem.swift; sourceTree = "<group>"; };
		EFD0D07F284B43140033566F /* BaseCollectionViewCell.swift */ = {isa = PBXFileReference; lastKnownFileType = sourcecode.swift; path = BaseCollectionViewCell.swift; sourceTree = "<group>"; };
		EFD0D083284B4E710033566F /* UIView+.swift */ = {isa = PBXFileReference; lastKnownFileType = sourcecode.swift; path = "UIView+.swift"; sourceTree = "<group>"; };
		EFD0D085284B516F0033566F /* UIStackView+.swift */ = {isa = PBXFileReference; lastKnownFileType = sourcecode.swift; path = "UIStackView+.swift"; sourceTree = "<group>"; };
		EFD0D088284B7E690033566F /* DeviceInfo.swift */ = {isa = PBXFileReference; lastKnownFileType = sourcecode.swift; path = DeviceInfo.swift; sourceTree = "<group>"; };
/* End PBXFileReference section */

/* Begin PBXFrameworksBuildPhase section */
		EF6D0F0A2847DE4E004F5CEB /* Frameworks */ = {
			isa = PBXFrameworksBuildPhase;
			buildActionMask = 2147483647;
			files = (
				EFAF949A2848F1F80067A63F /* SnapKit in Frameworks */,
				EF9709EF284BC8E500D64714 /* FlexLayout in Frameworks */,
			);
			runOnlyForDeploymentPostprocessing = 0;
		};
/* End PBXFrameworksBuildPhase section */

/* Begin PBXGroup section */
		EF6D0F042847DE4E004F5CEB = {
			isa = PBXGroup;
			children = (
				EF6D0F272847DEF9004F5CEB /* .swiftlint.yml */,
				EF6D0F0F2847DE4E004F5CEB /* Appstore */,
				EF6D0F0E2847DE4E004F5CEB /* Products */,
			);
			sourceTree = "<group>";
		};
		EF6D0F0E2847DE4E004F5CEB /* Products */ = {
			isa = PBXGroup;
			children = (
				EF6D0F0D2847DE4E004F5CEB /* Appstore.app */,
			);
			name = Products;
			sourceTree = "<group>";
		};
		EF6D0F0F2847DE4E004F5CEB /* Appstore */ = {
			isa = PBXGroup;
			children = (
				EF6D0F252847DE59004F5CEB /* Source */,
				EF6D0F242847DE53004F5CEB /* Resource */,
			);
			path = Appstore;
			sourceTree = "<group>";
		};
		EF6D0F242847DE53004F5CEB /* Resource */ = {
			isa = PBXGroup;
			children = (
				EF6D0F192847DE4F004F5CEB /* Assets.xcassets */,
				EF6D0F1E2847DE4F004F5CEB /* Info.plist */,
			);
			path = Resource;
			sourceTree = "<group>";
		};
		EF6D0F252847DE59004F5CEB /* Source */ = {
			isa = PBXGroup;
			children = (
				EF6D0F102847DE4E004F5CEB /* AppDelegate.swift */,
				EF6D0F122847DE4E004F5CEB /* SceneDelegate.swift */,
				EF6D0F292847E014004F5CEB /* Common */,
				EF6D0F2A2847E01A004F5CEB /* Views */,
			);
			path = Source;
			sourceTree = "<group>";
		};
		EF6D0F292847E014004F5CEB /* Common */ = {
			isa = PBXGroup;
			children = (
				EFD0D087284B7E570033566F /* Utils */,
				EF6D0F432847EE1C004F5CEB /* Protocols */,
				EF6D0F402847EC45004F5CEB /* Base Architecture */,
				EF6D0F2B2847E06F004F5CEB /* Extensions */,
			);
			path = Common;
			sourceTree = "<group>";
		};
		EF6D0F2A2847E01A004F5CEB /* Views */ = {
			isa = PBXGroup;
			children = (
				EF6D0F322847E331004F5CEB /* Main */,
				EF6D0F372847EA8E004F5CEB /* Today */,
				EF6D0F3A2847EAA9004F5CEB /* Game */,
				EF6D0F3D2847EABA004F5CEB /* App */,
				EFAF948E2848EE1F0067A63F /* Arcade */,
				EFAF94912848EE2C0067A63F /* Search */,
				EF6D0F332847E337004F5CEB /* Launch */,
			);
			path = Views;
			sourceTree = "<group>";
		};
		EF6D0F2B2847E06F004F5CEB /* Extensions */ = {
			isa = PBXGroup;
			children = (
				EF6D0F2C2847E086004F5CEB /* UICollectionView+.swift */,
				EF6D0F2E2847E1AD004F5CEB /* UITableView+.swift */,
				EF6D0F302847E1DA004F5CEB /* UILabel+.swift */,
				EFAF94942848EEF10067A63F /* UIViewController+.swift */,
				EFD0D083284B4E710033566F /* UIView+.swift */,
				EFD0D085284B516F0033566F /* UIStackView+.swift */,
			);
			path = Extensions;
			sourceTree = "<group>";
		};
		EF6D0F322847E331004F5CEB /* Main */ = {
			isa = PBXGroup;
			children = (
				EF6D0F352847EA6B004F5CEB /* MainTabBarController.swift */,
				EFAF94962848F0CD0067A63F /* TabItem.swift */,
				EF6D0F162847DE4E004F5CEB /* Main.storyboard */,
			);
			path = Main;
			sourceTree = "<group>";
		};
		EF6D0F332847E337004F5CEB /* Launch */ = {
			isa = PBXGroup;
			children = (
				EF6D0F1B2847DE4F004F5CEB /* LaunchScreen.storyboard */,
			);
			path = Launch;
			sourceTree = "<group>";
		};
		EF6D0F372847EA8E004F5CEB /* Today */ = {
			isa = PBXGroup;
			children = (
				EF6D0F382847EAA7004F5CEB /* TodayViewController.swift */,
				EFA7B96F284B3D28006671EF /* TodayViewController.storyboard */,
				EF9709E0284BA56100D64714 /* HeaderCollectionViewCell.swift */,
				EF9709E1284BA56100D64714 /* HeaderCollectionViewCell.xib */,
				EF9709E6284BAC1200D64714 /* ContentCollectionViewCell.swift */,
				EF9709E7284BAC1200D64714 /* ContentCollectionViewCell.xib */,
			);
			path = Today;
			sourceTree = "<group>";
		};
		EF6D0F3A2847EAA9004F5CEB /* Game */ = {
			isa = PBXGroup;
			children = (
				EF6D0F3B2847EAB8004F5CEB /* GameViewController.swift */,
			);
			path = Game;
			sourceTree = "<group>";
		};
		EF6D0F3D2847EABA004F5CEB /* App */ = {
			isa = PBXGroup;
			children = (
				EF6D0F3E2847EAC3004F5CEB /* AppViewController.swift */,
			);
			path = App;
			sourceTree = "<group>";
		};
		EF6D0F402847EC45004F5CEB /* Base Architecture */ = {
			isa = PBXGroup;
			children = (
				EF6D0F412847EDF2004F5CEB /* BaseViewController.swift */,
				EFD0D07F284B43140033566F /* BaseCollectionViewCell.swift */,
			);
			path = "Base Architecture";
			sourceTree = "<group>";
		};
		EF6D0F432847EE1C004F5CEB /* Protocols */ = {
			isa = PBXGroup;
			children = (
				EF6D0F442847EE2B004F5CEB /* CodeBasedView.swift */,
				EFA7B973284B4181006671EF /* Storyboarded.swift */,
			);
			path = Protocols;
			sourceTree = "<group>";
		};
		EFAF948E2848EE1F0067A63F /* Arcade */ = {
			isa = PBXGroup;
			children = (
				EFAF948F2848EE2B0067A63F /* ArcadeViewController.swift */,
			);
			path = Arcade;
			sourceTree = "<group>";
		};
		EFAF94912848EE2C0067A63F /* Search */ = {
			isa = PBXGroup;
			children = (
				EFAF94922848EE350067A63F /* SearchViewController.swift */,
			);
			path = Search;
			sourceTree = "<group>";
		};
		EFD0D087284B7E570033566F /* Utils */ = {
			isa = PBXGroup;
			children = (
				EFD0D088284B7E690033566F /* DeviceInfo.swift */,
			);
			path = Utils;
			sourceTree = "<group>";
		};
/* End PBXGroup section */

/* Begin PBXNativeTarget section */
		EF6D0F0C2847DE4E004F5CEB /* Appstore */ = {
			isa = PBXNativeTarget;
			buildConfigurationList = EF6D0F212847DE4F004F5CEB /* Build configuration list for PBXNativeTarget "Appstore" */;
			buildPhases = (
				EF6D0F262847DEB1004F5CEB /* SwiftLint Script */,
				EF6D0F092847DE4E004F5CEB /* Sources */,
				EF6D0F0A2847DE4E004F5CEB /* Frameworks */,
				EF6D0F0B2847DE4E004F5CEB /* Resources */,
			);
			buildRules = (
			);
			dependencies = (
			);
			name = Appstore;
			packageProductDependencies = (
				EFAF94992848F1F80067A63F /* SnapKit */,
				EF9709EE284BC8E500D64714 /* FlexLayout */,
			);
			productName = Appstore;
			productReference = EF6D0F0D2847DE4E004F5CEB /* Appstore.app */;
			productType = "com.apple.product-type.application";
		};
/* End PBXNativeTarget section */

/* Begin PBXProject section */
		EF6D0F052847DE4E004F5CEB /* Project object */ = {
			isa = PBXProject;
			attributes = {
				BuildIndependentTargetsInParallel = 1;
				LastSwiftUpdateCheck = 1340;
				LastUpgradeCheck = 1340;
				TargetAttributes = {
					EF6D0F0C2847DE4E004F5CEB = {
						CreatedOnToolsVersion = 13.4;
					};
				};
			};
			buildConfigurationList = EF6D0F082847DE4E004F5CEB /* Build configuration list for PBXProject "Appstore" */;
			compatibilityVersion = "Xcode 13.0";
			developmentRegion = en;
			hasScannedForEncodings = 0;
			knownRegions = (
				en,
				Base,
			);
			mainGroup = EF6D0F042847DE4E004F5CEB;
			packageReferences = (
				EFAF94982848F1F80067A63F /* XCRemoteSwiftPackageReference "SnapKit" */,
				EF9709ED284BC8E500D64714 /* XCRemoteSwiftPackageReference "FlexLayout" */,
			);
			productRefGroup = EF6D0F0E2847DE4E004F5CEB /* Products */;
			projectDirPath = "";
			projectRoot = "";
			targets = (
				EF6D0F0C2847DE4E004F5CEB /* Appstore */,
			);
		};
/* End PBXProject section */

/* Begin PBXResourcesBuildPhase section */
		EF6D0F0B2847DE4E004F5CEB /* Resources */ = {
			isa = PBXResourcesBuildPhase;
			buildActionMask = 2147483647;
			files = (
				EF9709E9284BAC1200D64714 /* ContentCollectionViewCell.xib in Resources */,
				EF6D0F282847DEF9004F5CEB /* .swiftlint.yml in Resources */,
				EFA7B970284B3D28006671EF /* TodayViewController.storyboard in Resources */,
				EF6D0F1D2847DE4F004F5CEB /* LaunchScreen.storyboard in Resources */,
				EF6D0F1A2847DE4F004F5CEB /* Assets.xcassets in Resources */,
				EF6D0F182847DE4E004F5CEB /* Main.storyboard in Resources */,
				EF9709E3284BA56100D64714 /* HeaderCollectionViewCell.xib in Resources */,
			);
			runOnlyForDeploymentPostprocessing = 0;
		};
/* End PBXResourcesBuildPhase section */

/* Begin PBXShellScriptBuildPhase section */
		EF6D0F262847DEB1004F5CEB /* SwiftLint Script */ = {
			isa = PBXShellScriptBuildPhase;
			buildActionMask = 2147483647;
			files = (
			);
			inputFileListPaths = (
			);
			inputPaths = (
			);
			name = "SwiftLint Script";
			outputFileListPaths = (
			);
			outputPaths = (
			);
			runOnlyForDeploymentPostprocessing = 0;
			shellPath = /bin/sh;
			shellScript = "# 설정하기 https://github.com/realm/SwiftLint\n# ⚠️ M1 과 Intel 에서 SwiftLint 파일 경로가 다르기 때문에 주의\nexport PATH=\"$PATH:/opt/homebrew/bin\"\nif which swiftlint > /dev/null; then\n  swiftlint\nelse\n  echo \"warning: SwiftLint not installed, download from https://github.com/realm/SwiftLint\"\nfi\n\n";
		};
/* End PBXShellScriptBuildPhase section */

/* Begin PBXSourcesBuildPhase section */
		EF6D0F092847DE4E004F5CEB /* Sources */ = {
			isa = PBXSourcesBuildPhase;
			buildActionMask = 2147483647;
			files = (
				EFAF94952848EEF10067A63F /* UIViewController+.swift in Sources */,
				EF6D0F3F2847EAC3004F5CEB /* AppViewController.swift in Sources */,
				EF6D0F312847E1DA004F5CEB /* UILabel+.swift in Sources */,
				EF9709E2284BA56100D64714 /* HeaderCollectionViewCell.swift in Sources */,
				EF9709E8284BAC1200D64714 /* ContentCollectionViewCell.swift in Sources */,
				EF6D0F112847DE4E004F5CEB /* AppDelegate.swift in Sources */,
				EF6D0F362847EA6B004F5CEB /* MainTabBarController.swift in Sources */,
				EF6D0F3C2847EAB8004F5CEB /* GameViewController.swift in Sources */,
				EFD0D089284B7E690033566F /* DeviceInfo.swift in Sources */,
				EF6D0F422847EDF2004F5CEB /* BaseViewController.swift in Sources */,
				EF6D0F392847EAA7004F5CEB /* TodayViewController.swift in Sources */,
				EFAF94972848F0CD0067A63F /* TabItem.swift in Sources */,
				EF6D0F2D2847E086004F5CEB /* UICollectionView+.swift in Sources */,
				EFD0D080284B43140033566F /* BaseCollectionViewCell.swift in Sources */,
				EFAF94932848EE350067A63F /* SearchViewController.swift in Sources */,
				EFAF94902848EE2B0067A63F /* ArcadeViewController.swift in Sources */,
				EF6D0F2F2847E1AD004F5CEB /* UITableView+.swift in Sources */,
				EFD0D086284B516F0033566F /* UIStackView+.swift in Sources */,
				EFD0D084284B4E710033566F /* UIView+.swift in Sources */,
				EF6D0F132847DE4E004F5CEB /* SceneDelegate.swift in Sources */,
				EF6D0F452847EE2B004F5CEB /* CodeBasedView.swift in Sources */,
				EFA7B974284B4181006671EF /* Storyboarded.swift in Sources */,
			);
			runOnlyForDeploymentPostprocessing = 0;
		};
/* End PBXSourcesBuildPhase section */

/* Begin PBXVariantGroup section */
		EF6D0F162847DE4E004F5CEB /* Main.storyboard */ = {
			isa = PBXVariantGroup;
			children = (
				EF6D0F172847DE4E004F5CEB /* Base */,
			);
			name = Main.storyboard;
			sourceTree = "<group>";
		};
		EF6D0F1B2847DE4F004F5CEB /* LaunchScreen.storyboard */ = {
			isa = PBXVariantGroup;
			children = (
				EF6D0F1C2847DE4F004F5CEB /* Base */,
			);
			name = LaunchScreen.storyboard;
			sourceTree = "<group>";
		};
/* End PBXVariantGroup section */

/* Begin XCBuildConfiguration section */
		EF6D0F1F2847DE4F004F5CEB /* Debug */ = {
			isa = XCBuildConfiguration;
			buildSettings = {
				ALWAYS_SEARCH_USER_PATHS = NO;
				CLANG_ANALYZER_NONNULL = YES;
				CLANG_ANALYZER_NUMBER_OBJECT_CONVERSION = YES_AGGRESSIVE;
				CLANG_CXX_LANGUAGE_STANDARD = "gnu++17";
				CLANG_ENABLE_MODULES = YES;
				CLANG_ENABLE_OBJC_ARC = YES;
				CLANG_ENABLE_OBJC_WEAK = YES;
				CLANG_WARN_BLOCK_CAPTURE_AUTORELEASING = YES;
				CLANG_WARN_BOOL_CONVERSION = YES;
				CLANG_WARN_COMMA = YES;
				CLANG_WARN_CONSTANT_CONVERSION = YES;
				CLANG_WARN_DEPRECATED_OBJC_IMPLEMENTATIONS = YES;
				CLANG_WARN_DIRECT_OBJC_ISA_USAGE = YES_ERROR;
				CLANG_WARN_DOCUMENTATION_COMMENTS = YES;
				CLANG_WARN_EMPTY_BODY = YES;
				CLANG_WARN_ENUM_CONVERSION = YES;
				CLANG_WARN_INFINITE_RECURSION = YES;
				CLANG_WARN_INT_CONVERSION = YES;
				CLANG_WARN_NON_LITERAL_NULL_CONVERSION = YES;
				CLANG_WARN_OBJC_IMPLICIT_RETAIN_SELF = YES;
				CLANG_WARN_OBJC_LITERAL_CONVERSION = YES;
				CLANG_WARN_OBJC_ROOT_CLASS = YES_ERROR;
				CLANG_WARN_QUOTED_INCLUDE_IN_FRAMEWORK_HEADER = YES;
				CLANG_WARN_RANGE_LOOP_ANALYSIS = YES;
				CLANG_WARN_STRICT_PROTOTYPES = YES;
				CLANG_WARN_SUSPICIOUS_MOVE = YES;
				CLANG_WARN_UNGUARDED_AVAILABILITY = YES_AGGRESSIVE;
				CLANG_WARN_UNREACHABLE_CODE = YES;
				CLANG_WARN__DUPLICATE_METHOD_MATCH = YES;
				COPY_PHASE_STRIP = NO;
				DEBUG_INFORMATION_FORMAT = dwarf;
				ENABLE_STRICT_OBJC_MSGSEND = YES;
				ENABLE_TESTABILITY = YES;
				GCC_C_LANGUAGE_STANDARD = gnu11;
				GCC_DYNAMIC_NO_PIC = NO;
				GCC_NO_COMMON_BLOCKS = YES;
				GCC_OPTIMIZATION_LEVEL = 0;
				GCC_PREPROCESSOR_DEFINITIONS = (
					"DEBUG=1",
					"$(inherited)",
				);
				GCC_WARN_64_TO_32_BIT_CONVERSION = YES;
				GCC_WARN_ABOUT_RETURN_TYPE = YES_ERROR;
				GCC_WARN_UNDECLARED_SELECTOR = YES;
				GCC_WARN_UNINITIALIZED_AUTOS = YES_AGGRESSIVE;
				GCC_WARN_UNUSED_FUNCTION = YES;
				GCC_WARN_UNUSED_VARIABLE = YES;
				IPHONEOS_DEPLOYMENT_TARGET = 15.5;
				MTL_ENABLE_DEBUG_INFO = INCLUDE_SOURCE;
				MTL_FAST_MATH = YES;
				ONLY_ACTIVE_ARCH = YES;
				SDKROOT = iphoneos;
				SWIFT_ACTIVE_COMPILATION_CONDITIONS = DEBUG;
				SWIFT_OPTIMIZATION_LEVEL = "-Onone";
			};
			name = Debug;
		};
		EF6D0F202847DE4F004F5CEB /* Release */ = {
			isa = XCBuildConfiguration;
			buildSettings = {
				ALWAYS_SEARCH_USER_PATHS = NO;
				CLANG_ANALYZER_NONNULL = YES;
				CLANG_ANALYZER_NUMBER_OBJECT_CONVERSION = YES_AGGRESSIVE;
				CLANG_CXX_LANGUAGE_STANDARD = "gnu++17";
				CLANG_ENABLE_MODULES = YES;
				CLANG_ENABLE_OBJC_ARC = YES;
				CLANG_ENABLE_OBJC_WEAK = YES;
				CLANG_WARN_BLOCK_CAPTURE_AUTORELEASING = YES;
				CLANG_WARN_BOOL_CONVERSION = YES;
				CLANG_WARN_COMMA = YES;
				CLANG_WARN_CONSTANT_CONVERSION = YES;
				CLANG_WARN_DEPRECATED_OBJC_IMPLEMENTATIONS = YES;
				CLANG_WARN_DIRECT_OBJC_ISA_USAGE = YES_ERROR;
				CLANG_WARN_DOCUMENTATION_COMMENTS = YES;
				CLANG_WARN_EMPTY_BODY = YES;
				CLANG_WARN_ENUM_CONVERSION = YES;
				CLANG_WARN_INFINITE_RECURSION = YES;
				CLANG_WARN_INT_CONVERSION = YES;
				CLANG_WARN_NON_LITERAL_NULL_CONVERSION = YES;
				CLANG_WARN_OBJC_IMPLICIT_RETAIN_SELF = YES;
				CLANG_WARN_OBJC_LITERAL_CONVERSION = YES;
				CLANG_WARN_OBJC_ROOT_CLASS = YES_ERROR;
				CLANG_WARN_QUOTED_INCLUDE_IN_FRAMEWORK_HEADER = YES;
				CLANG_WARN_RANGE_LOOP_ANALYSIS = YES;
				CLANG_WARN_STRICT_PROTOTYPES = YES;
				CLANG_WARN_SUSPICIOUS_MOVE = YES;
				CLANG_WARN_UNGUARDED_AVAILABILITY = YES_AGGRESSIVE;
				CLANG_WARN_UNREACHABLE_CODE = YES;
				CLANG_WARN__DUPLICATE_METHOD_MATCH = YES;
				COPY_PHASE_STRIP = NO;
				DEBUG_INFORMATION_FORMAT = "dwarf-with-dsym";
				ENABLE_NS_ASSERTIONS = NO;
				ENABLE_STRICT_OBJC_MSGSEND = YES;
				GCC_C_LANGUAGE_STANDARD = gnu11;
				GCC_NO_COMMON_BLOCKS = YES;
				GCC_WARN_64_TO_32_BIT_CONVERSION = YES;
				GCC_WARN_ABOUT_RETURN_TYPE = YES_ERROR;
				GCC_WARN_UNDECLARED_SELECTOR = YES;
				GCC_WARN_UNINITIALIZED_AUTOS = YES_AGGRESSIVE;
				GCC_WARN_UNUSED_FUNCTION = YES;
				GCC_WARN_UNUSED_VARIABLE = YES;
				IPHONEOS_DEPLOYMENT_TARGET = 15.5;
				MTL_ENABLE_DEBUG_INFO = NO;
				MTL_FAST_MATH = YES;
				SDKROOT = iphoneos;
				SWIFT_COMPILATION_MODE = wholemodule;
				SWIFT_OPTIMIZATION_LEVEL = "-O";
				VALIDATE_PRODUCT = YES;
			};
			name = Release;
		};
		EF6D0F222847DE4F004F5CEB /* Debug */ = {
			isa = XCBuildConfiguration;
			buildSettings = {
				ASSETCATALOG_COMPILER_APPICON_NAME = AppIcon;
				ASSETCATALOG_COMPILER_GLOBAL_ACCENT_COLOR_NAME = AccentColor;
				CODE_SIGN_STYLE = Automatic;
				CURRENT_PROJECT_VERSION = 1;
				GENERATE_INFOPLIST_FILE = YES;
				INFOPLIST_FILE = Appstore/Resource/Info.plist;
				INFOPLIST_KEY_UIApplicationSupportsIndirectInputEvents = YES;
				INFOPLIST_KEY_UILaunchStoryboardName = LaunchScreen;
				INFOPLIST_KEY_UIMainStoryboardFile = Main;
				INFOPLIST_KEY_UISupportedInterfaceOrientations_iPad = "UIInterfaceOrientationPortrait UIInterfaceOrientationPortraitUpsideDown UIInterfaceOrientationLandscapeLeft UIInterfaceOrientationLandscapeRight";
				INFOPLIST_KEY_UISupportedInterfaceOrientations_iPhone = "UIInterfaceOrientationPortrait UIInterfaceOrientationLandscapeLeft UIInterfaceOrientationLandscapeRight";
				LD_RUNPATH_SEARCH_PATHS = (
					"$(inherited)",
					"@executable_path/Frameworks",
				);
				MARKETING_VERSION = 1.0;
				PRODUCT_BUNDLE_IDENTIFIER = com.Woody.Appstore;
				PRODUCT_NAME = "$(TARGET_NAME)";
				SWIFT_EMIT_LOC_STRINGS = YES;
				SWIFT_VERSION = 5.0;
				TARGETED_DEVICE_FAMILY = "1,2";
			};
			name = Debug;
		};
		EF6D0F232847DE4F004F5CEB /* Release */ = {
			isa = XCBuildConfiguration;
			buildSettings = {
				ASSETCATALOG_COMPILER_APPICON_NAME = AppIcon;
				ASSETCATALOG_COMPILER_GLOBAL_ACCENT_COLOR_NAME = AccentColor;
				CODE_SIGN_STYLE = Automatic;
				CURRENT_PROJECT_VERSION = 1;
				GENERATE_INFOPLIST_FILE = YES;
				INFOPLIST_FILE = Appstore/Resource/Info.plist;
				INFOPLIST_KEY_UIApplicationSupportsIndirectInputEvents = YES;
				INFOPLIST_KEY_UILaunchStoryboardName = LaunchScreen;
				INFOPLIST_KEY_UIMainStoryboardFile = Main;
				INFOPLIST_KEY_UISupportedInterfaceOrientations_iPad = "UIInterfaceOrientationPortrait UIInterfaceOrientationPortraitUpsideDown UIInterfaceOrientationLandscapeLeft UIInterfaceOrientationLandscapeRight";
				INFOPLIST_KEY_UISupportedInterfaceOrientations_iPhone = "UIInterfaceOrientationPortrait UIInterfaceOrientationLandscapeLeft UIInterfaceOrientationLandscapeRight";
				LD_RUNPATH_SEARCH_PATHS = (
					"$(inherited)",
					"@executable_path/Frameworks",
				);
				MARKETING_VERSION = 1.0;
				PRODUCT_BUNDLE_IDENTIFIER = com.Woody.Appstore;
				PRODUCT_NAME = "$(TARGET_NAME)";
				SWIFT_EMIT_LOC_STRINGS = YES;
				SWIFT_VERSION = 5.0;
				TARGETED_DEVICE_FAMILY = "1,2";
			};
			name = Release;
		};
/* End XCBuildConfiguration section */

/* Begin XCConfigurationList section */
		EF6D0F082847DE4E004F5CEB /* Build configuration list for PBXProject "Appstore" */ = {
			isa = XCConfigurationList;
			buildConfigurations = (
				EF6D0F1F2847DE4F004F5CEB /* Debug */,
				EF6D0F202847DE4F004F5CEB /* Release */,
			);
			defaultConfigurationIsVisible = 0;
			defaultConfigurationName = Release;
		};
		EF6D0F212847DE4F004F5CEB /* Build configuration list for PBXNativeTarget "Appstore" */ = {
			isa = XCConfigurationList;
			buildConfigurations = (
				EF6D0F222847DE4F004F5CEB /* Debug */,
				EF6D0F232847DE4F004F5CEB /* Release */,
			);
			defaultConfigurationIsVisible = 0;
			defaultConfigurationName = Release;
		};
/* End XCConfigurationList section */

/* Begin XCRemoteSwiftPackageReference section */
		EF9709ED284BC8E500D64714 /* XCRemoteSwiftPackageReference "FlexLayout" */ = {
			isa = XCRemoteSwiftPackageReference;
			repositoryURL = "https://github.com/layoutBox/FlexLayout.git";
			requirement = {
				kind = upToNextMajorVersion;
				minimumVersion = 1.0.0;
			};
		};
		EFAF94982848F1F80067A63F /* XCRemoteSwiftPackageReference "SnapKit" */ = {
			isa = XCRemoteSwiftPackageReference;
			repositoryURL = "https://github.com/SnapKit/SnapKit.git";
			requirement = {
				kind = upToNextMajorVersion;
				minimumVersion = 5.0.0;
			};
		};
/* End XCRemoteSwiftPackageReference section */

/* Begin XCSwiftPackageProductDependency section */
		EF9709EE284BC8E500D64714 /* FlexLayout */ = {
			isa = XCSwiftPackageProductDependency;
			package = EF9709ED284BC8E500D64714 /* XCRemoteSwiftPackageReference "FlexLayout" */;
			productName = FlexLayout;
		};
		EFAF94992848F1F80067A63F /* SnapKit */ = {
			isa = XCSwiftPackageProductDependency;
			package = EFAF94982848F1F80067A63F /* XCRemoteSwiftPackageReference "SnapKit" */;
			productName = SnapKit;
		};
/* End XCSwiftPackageProductDependency section */
	};
	rootObject = EF6D0F052847DE4E004F5CEB /* Project object */;
}
